// !$*UTF8*$!
{
	archiveVersion = 1;
	classes = {
	};
	objectVersion = 46;
	objects = {

/* Begin PBXBuildFile section */
		1E9E8494187B5088002C19A6 /* Foundation.framework in Frameworks */ = {isa = PBXBuildFile; fileRef = 1E9E8493187B5088002C19A6 /* Foundation.framework */; };
		1E9E8496187B5088002C19A6 /* CoreGraphics.framework in Frameworks */ = {isa = PBXBuildFile; fileRef = 1E9E8495187B5088002C19A6 /* CoreGraphics.framework */; };
		1E9E8498187B5088002C19A6 /* UIKit.framework in Frameworks */ = {isa = PBXBuildFile; fileRef = 1E9E8497187B5088002C19A6 /* UIKit.framework */; };
		1E9E849E187B5088002C19A6 /* InfoPlist.strings in Resources */ = {isa = PBXBuildFile; fileRef = 1E9E849C187B5088002C19A6 /* InfoPlist.strings */; };
		1E9E84A0187B5088002C19A6 /* main.m in Sources */ = {isa = PBXBuildFile; fileRef = 1E9E849F187B5088002C19A6 /* main.m */; };
		1E9E84A4187B5088002C19A6 /* GGPAppDelegate.m in Sources */ = {isa = PBXBuildFile; fileRef = 1E9E84A3187B5088002C19A6 /* GGPAppDelegate.m */; };
		1E9E84A7187B5088002C19A6 /* Main_iPhone.storyboard in Resources */ = {isa = PBXBuildFile; fileRef = 1E9E84A5187B5088002C19A6 /* Main_iPhone.storyboard */; };
		1E9E84AA187B5088002C19A6 /* Main_iPad.storyboard in Resources */ = {isa = PBXBuildFile; fileRef = 1E9E84A8187B5088002C19A6 /* Main_iPad.storyboard */; };
		1E9E84AD187B5088002C19A6 /* GGPViewController.m in Sources */ = {isa = PBXBuildFile; fileRef = 1E9E84AC187B5088002C19A6 /* GGPViewController.m */; };
		1E9E84AF187B5088002C19A6 /* Images.xcassets in Resources */ = {isa = PBXBuildFile; fileRef = 1E9E84AE187B5088002C19A6 /* Images.xcassets */; };
		1E9E84B6187B5088002C19A6 /* XCTest.framework in Frameworks */ = {isa = PBXBuildFile; fileRef = 1E9E84B5187B5088002C19A6 /* XCTest.framework */; };
		1E9E84B7187B5088002C19A6 /* Foundation.framework in Frameworks */ = {isa = PBXBuildFile; fileRef = 1E9E8493187B5088002C19A6 /* Foundation.framework */; };
		1E9E84B8187B5088002C19A6 /* UIKit.framework in Frameworks */ = {isa = PBXBuildFile; fileRef = 1E9E8497187B5088002C19A6 /* UIKit.framework */; };
		1E9E84C0187B5088002C19A6 /* InfoPlist.strings in Resources */ = {isa = PBXBuildFile; fileRef = 1E9E84BE187B5088002C19A6 /* InfoPlist.strings */; };
		1E9E84C2187B5088002C19A6 /* SoireeTests.m in Sources */ = {isa = PBXBuildFile; fileRef = 1E9E84C1187B5088002C19A6 /* SoireeTests.m */; };
/* End PBXBuildFile section */

/* Begin PBXContainerItemProxy section */
		1E9E84B9187B5088002C19A6 /* PBXContainerItemProxy */ = {
			isa = PBXContainerItemProxy;
			containerPortal = 1E9E8488187B5088002C19A6 /* Project object */;
			proxyType = 1;
			remoteGlobalIDString = 1E9E848F187B5088002C19A6;
			remoteInfo = Soiree;
		};
/* End PBXContainerItemProxy section */

/* Begin PBXFileReference section */
		1E9E8490187B5088002C19A6 /* Soiree.app */ = {isa = PBXFileReference; explicitFileType = wrapper.application; includeInIndex = 0; path = Soiree.app; sourceTree = BUILT_PRODUCTS_DIR; };
		1E9E8493187B5088002C19A6 /* Foundation.framework */ = {isa = PBXFileReference; lastKnownFileType = wrapper.framework; name = Foundation.framework; path = System/Library/Frameworks/Foundation.framework; sourceTree = SDKROOT; };
		1E9E8495187B5088002C19A6 /* CoreGraphics.framework */ = {isa = PBXFileReference; lastKnownFileType = wrapper.framework; name = CoreGraphics.framework; path = System/Library/Frameworks/CoreGraphics.framework; sourceTree = SDKROOT; };
		1E9E8497187B5088002C19A6 /* UIKit.framework */ = {isa = PBXFileReference; lastKnownFileType = wrapper.framework; name = UIKit.framework; path = System/Library/Frameworks/UIKit.framework; sourceTree = SDKROOT; };
		1E9E849B187B5088002C19A6 /* Soiree-Info.plist */ = {isa = PBXFileReference; lastKnownFileType = text.plist.xml; path = "Soiree-Info.plist"; sourceTree = "<group>"; };
		1E9E849D187B5088002C19A6 /* en */ = {isa = PBXFileReference; lastKnownFileType = text.plist.strings; name = en; path = en.lproj/InfoPlist.strings; sourceTree = "<group>"; };
		1E9E849F187B5088002C19A6 /* main.m */ = {isa = PBXFileReference; lastKnownFileType = sourcecode.c.objc; path = main.m; sourceTree = "<group>"; };
		1E9E84A1187B5088002C19A6 /* Soiree-Prefix.pch */ = {isa = PBXFileReference; lastKnownFileType = sourcecode.c.h; path = "Soiree-Prefix.pch"; sourceTree = "<group>"; };
		1E9E84A2187B5088002C19A6 /* GGPAppDelegate.h */ = {isa = PBXFileReference; lastKnownFileType = sourcecode.c.h; path = GGPAppDelegate.h; sourceTree = "<group>"; };
		1E9E84A3187B5088002C19A6 /* GGPAppDelegate.m */ = {isa = PBXFileReference; lastKnownFileType = sourcecode.c.objc; path = GGPAppDelegate.m; sourceTree = "<group>"; };
		1E9E84A6187B5088002C19A6 /* Base */ = {isa = PBXFileReference; lastKnownFileType = file.storyboard; name = Base; path = Base.lproj/Main_iPhone.storyboard; sourceTree = "<group>"; };
		1E9E84A9187B5088002C19A6 /* Base */ = {isa = PBXFileReference; lastKnownFileType = file.storyboard; name = Base; path = Base.lproj/Main_iPad.storyboard; sourceTree = "<group>"; };
		1E9E84AB187B5088002C19A6 /* GGPViewController.h */ = {isa = PBXFileReference; lastKnownFileType = sourcecode.c.h; path = GGPViewController.h; sourceTree = "<group>"; };
		1E9E84AC187B5088002C19A6 /* GGPViewController.m */ = {isa = PBXFileReference; lastKnownFileType = sourcecode.c.objc; path = GGPViewController.m; sourceTree = "<group>"; };
		1E9E84AE187B5088002C19A6 /* Images.xcassets */ = {isa = PBXFileReference; lastKnownFileType = folder.assetcatalog; path = Images.xcassets; sourceTree = "<group>"; };
		1E9E84B4187B5088002C19A6 /* SoireeTests.xctest */ = {isa = PBXFileReference; explicitFileType = wrapper.cfbundle; includeInIndex = 0; path = SoireeTests.xctest; sourceTree = BUILT_PRODUCTS_DIR; };
		1E9E84B5187B5088002C19A6 /* XCTest.framework */ = {isa = PBXFileReference; lastKnownFileType = wrapper.framework; name = XCTest.framework; path = Library/Frameworks/XCTest.framework; sourceTree = DEVELOPER_DIR; };
		1E9E84BD187B5088002C19A6 /* SoireeTests-Info.plist */ = {isa = PBXFileReference; lastKnownFileType = text.plist.xml; path = "SoireeTests-Info.plist"; sourceTree = "<group>"; };
		1E9E84BF187B5088002C19A6 /* en */ = {isa = PBXFileReference; lastKnownFileType = text.plist.strings; name = en; path = en.lproj/InfoPlist.strings; sourceTree = "<group>"; };
		1E9E84C1187B5088002C19A6 /* SoireeTests.m */ = {isa = PBXFileReference; lastKnownFileType = sourcecode.c.objc; path = SoireeTests.m; sourceTree = "<group>"; };
		1E9E84CE187B5212002C19A6 /* ProbstGerald-CapstoneProposal.docx */ = {isa = PBXFileReference; lastKnownFileType = file; path = "ProbstGerald-CapstoneProposal.docx"; sourceTree = "<group>"; };
/* End PBXFileReference section */

/* Begin PBXFrameworksBuildPhase section */
		1E9E848D187B5088002C19A6 /* Frameworks */ = {
			isa = PBXFrameworksBuildPhase;
			buildActionMask = 2147483647;
			files = (
				1E9E8496187B5088002C19A6 /* CoreGraphics.framework in Frameworks */,
				1E9E8498187B5088002C19A6 /* UIKit.framework in Frameworks */,
				1E9E8494187B5088002C19A6 /* Foundation.framework in Frameworks */,
			);
			runOnlyForDeploymentPostprocessing = 0;
		};
		1E9E84B1187B5088002C19A6 /* Frameworks */ = {
			isa = PBXFrameworksBuildPhase;
			buildActionMask = 2147483647;
			files = (
				1E9E84B6187B5088002C19A6 /* XCTest.framework in Frameworks */,
				1E9E84B8187B5088002C19A6 /* UIKit.framework in Frameworks */,
				1E9E84B7187B5088002C19A6 /* Foundation.framework in Frameworks */,
			);
			runOnlyForDeploymentPostprocessing = 0;
		};
/* End PBXFrameworksBuildPhase section */

/* Begin PBXGroup section */
		1E9E8487187B5088002C19A6 = {
			isa = PBXGroup;
			children = (
				1E9E84CD187B51DD002C19A6 /* Documentation */,
				1E9E84CC187B50E1002C19A6 /* Vendor */,
				1E9E84CB187B509B002C19A6 /* Code */,
			);
			sourceTree = "<group>";
		};
		1E9E8491187B5088002C19A6 /* Products */ = {
			isa = PBXGroup;
			children = (
				1E9E8490187B5088002C19A6 /* Soiree.app */,
				1E9E84B4187B5088002C19A6 /* SoireeTests.xctest */,
			);
			name = Products;
			sourceTree = "<group>";
		};
		1E9E8492187B5088002C19A6 /* Frameworks */ = {
			isa = PBXGroup;
			children = (
				1E9E8493187B5088002C19A6 /* Foundation.framework */,
				1E9E8495187B5088002C19A6 /* CoreGraphics.framework */,
				1E9E8497187B5088002C19A6 /* UIKit.framework */,
				1E9E84B5187B5088002C19A6 /* XCTest.framework */,
			);
			name = Frameworks;
			sourceTree = "<group>";
		};
		1E9E8499187B5088002C19A6 /* Soiree */ = {
			isa = PBXGroup;
			children = (
				1E9E84A2187B5088002C19A6 /* GGPAppDelegate.h */,
				1E9E84A3187B5088002C19A6 /* GGPAppDelegate.m */,
				1E9E84A5187B5088002C19A6 /* Main_iPhone.storyboard */,
				1E9E84A8187B5088002C19A6 /* Main_iPad.storyboard */,
				1E9E84AB187B5088002C19A6 /* GGPViewController.h */,
				1E9E84AC187B5088002C19A6 /* GGPViewController.m */,
				1E9E84AE187B5088002C19A6 /* Images.xcassets */,
				1E9E849A187B5088002C19A6 /* Supporting Files */,
			);
			path = Soiree;
			sourceTree = "<group>";
		};
		1E9E849A187B5088002C19A6 /* Supporting Files */ = {
			isa = PBXGroup;
			children = (
				1E9E849B187B5088002C19A6 /* Soiree-Info.plist */,
				1E9E849C187B5088002C19A6 /* InfoPlist.strings */,
				1E9E849F187B5088002C19A6 /* main.m */,
				1E9E84A1187B5088002C19A6 /* Soiree-Prefix.pch */,
			);
			name = "Supporting Files";
			sourceTree = "<group>";
		};
		1E9E84BB187B5088002C19A6 /* SoireeTests */ = {
			isa = PBXGroup;
			children = (
				1E9E84C1187B5088002C19A6 /* SoireeTests.m */,
				1E9E84BC187B5088002C19A6 /* Supporting Files */,
			);
			path = SoireeTests;
			sourceTree = "<group>";
		};
		1E9E84BC187B5088002C19A6 /* Supporting Files */ = {
			isa = PBXGroup;
			children = (
				1E9E84BD187B5088002C19A6 /* SoireeTests-Info.plist */,
				1E9E84BE187B5088002C19A6 /* InfoPlist.strings */,
			);
			name = "Supporting Files";
			sourceTree = "<group>";
		};
		1E9E84CB187B509B002C19A6 /* Code */ = {
			isa = PBXGroup;
			children = (
				1E9E8491187B5088002C19A6 /* Products */,
				1E9E8492187B5088002C19A6 /* Frameworks */,
				1E9E84BB187B5088002C19A6 /* SoireeTests */,
				1E9E8499187B5088002C19A6 /* Soiree */,
			);
			name = Code;
			sourceTree = "<group>";
		};
		1E9E84CC187B50E1002C19A6 /* Vendor */ = {
			isa = PBXGroup;
			children = (
			);
			name = Vendor;
			sourceTree = "<group>";
		};
		1E9E84CD187B51DD002C19A6 /* Documentation */ = {
			isa = PBXGroup;
			children = (
				1E9E84CE187B5212002C19A6 /* ProbstGerald-CapstoneProposal.docx */,
			);
			name = Documentation;
			sourceTree = "<group>";
		};
/* End PBXGroup section */

/* Begin PBXNativeTarget section */
		1E9E848F187B5088002C19A6 /* Soiree */ = {
			isa = PBXNativeTarget;
			buildConfigurationList = 1E9E84C5187B5088002C19A6 /* Build configuration list for PBXNativeTarget "Soiree" */;
			buildPhases = (
				1E9E848C187B5088002C19A6 /* Sources */,
				1E9E848D187B5088002C19A6 /* Frameworks */,
				1E9E848E187B5088002C19A6 /* Resources */,
			);
			buildRules = (
			);
			dependencies = (
			);
			name = Soiree;
			productName = Soiree;
			productReference = 1E9E8490187B5088002C19A6 /* Soiree.app */;
			productType = "com.apple.product-type.application";
		};
		1E9E84B3187B5088002C19A6 /* SoireeTests */ = {
			isa = PBXNativeTarget;
			buildConfigurationList = 1E9E84C8187B5088002C19A6 /* Build configuration list for PBXNativeTarget "SoireeTests" */;
			buildPhases = (
				1E9E84B0187B5088002C19A6 /* Sources */,
				1E9E84B1187B5088002C19A6 /* Frameworks */,
				1E9E84B2187B5088002C19A6 /* Resources */,
			);
			buildRules = (
			);
			dependencies = (
				1E9E84BA187B5088002C19A6 /* PBXTargetDependency */,
			);
			name = SoireeTests;
			productName = SoireeTests;
			productReference = 1E9E84B4187B5088002C19A6 /* SoireeTests.xctest */;
			productType = "com.apple.product-type.bundle.unit-test";
		};
/* End PBXNativeTarget section */

/* Begin PBXProject section */
		1E9E8488187B5088002C19A6 /* Project object */ = {
			isa = PBXProject;
			attributes = {
				CLASSPREFIX = GGP;
				LastUpgradeCheck = 0500;
				ORGANIZATIONNAME = "Greg Probst";
				TargetAttributes = {
					1E9E84B3187B5088002C19A6 = {
						TestTargetID = 1E9E848F187B5088002C19A6;
					};
				};
			};
			buildConfigurationList = 1E9E848B187B5088002C19A6 /* Build configuration list for PBXProject "Soiree" */;
			compatibilityVersion = "Xcode 3.2";
			developmentRegion = English;
			hasScannedForEncodings = 0;
			knownRegions = (
				en,
				Base,
			);
			mainGroup = 1E9E8487187B5088002C19A6;
			productRefGroup = 1E9E8491187B5088002C19A6 /* Products */;
			projectDirPath = "";
			projectRoot = "";
			targets = (
				1E9E848F187B5088002C19A6 /* Soiree */,
				1E9E84B3187B5088002C19A6 /* SoireeTests */,
			);
		};
/* End PBXProject section */

/* Begin PBXResourcesBuildPhase section */
		1E9E848E187B5088002C19A6 /* Resources */ = {
			isa = PBXResourcesBuildPhase;
			buildActionMask = 2147483647;
			files = (
				1E9E84AA187B5088002C19A6 /* Main_iPad.storyboard in Resources */,
				1E9E84AF187B5088002C19A6 /* Images.xcassets in Resources */,
				1E9E84A7187B5088002C19A6 /* Main_iPhone.storyboard in Resources */,
				1E9E849E187B5088002C19A6 /* InfoPlist.strings in Resources */,
			);
			runOnlyForDeploymentPostprocessing = 0;
		};
		1E9E84B2187B5088002C19A6 /* Resources */ = {
			isa = PBXResourcesBuildPhase;
			buildActionMask = 2147483647;
			files = (
				1E9E84C0187B5088002C19A6 /* InfoPlist.strings in Resources */,
			);
			runOnlyForDeploymentPostprocessing = 0;
		};
/* End PBXResourcesBuildPhase section */

/* Begin PBXSourcesBuildPhase section */
		1E9E848C187B5088002C19A6 /* Sources */ = {
			isa = PBXSourcesBuildPhase;
			buildActionMask = 2147483647;
			files = (
				1E9E84A0187B5088002C19A6 /* main.m in Sources */,
				1E9E84A4187B5088002C19A6 /* GGPAppDelegate.m in Sources */,
				1E9E84AD187B5088002C19A6 /* GGPViewController.m in Sources */,
			);
			runOnlyForDeploymentPostprocessing = 0;
		};
		1E9E84B0187B5088002C19A6 /* Sources */ = {
			isa = PBXSourcesBuildPhase;
			buildActionMask = 2147483647;
			files = (
				1E9E84C2187B5088002C19A6 /* SoireeTests.m in Sources */,
			);
			runOnlyForDeploymentPostprocessing = 0;
		};
/* End PBXSourcesBuildPhase section */

/* Begin PBXTargetDependency section */
		1E9E84BA187B5088002C19A6 /* PBXTargetDependency */ = {
			isa = PBXTargetDependency;
			target = 1E9E848F187B5088002C19A6 /* Soiree */;
			targetProxy = 1E9E84B9187B5088002C19A6 /* PBXContainerItemProxy */;
		};
/* End PBXTargetDependency section */

/* Begin PBXVariantGroup section */
		1E9E849C187B5088002C19A6 /* InfoPlist.strings */ = {
			isa = PBXVariantGroup;
			children = (
				1E9E849D187B5088002C19A6 /* en */,
			);
			name = InfoPlist.strings;
			sourceTree = "<group>";
		};
		1E9E84A5187B5088002C19A6 /* Main_iPhone.storyboard */ = {
			isa = PBXVariantGroup;
			children = (
				1E9E84A6187B5088002C19A6 /* Base */,
			);
			name = Main_iPhone.storyboard;
			sourceTree = "<group>";
		};
		1E9E84A8187B5088002C19A6 /* Main_iPad.storyboard */ = {
			isa = PBXVariantGroup;
			children = (
				1E9E84A9187B5088002C19A6 /* Base */,
			);
			name = Main_iPad.storyboard;
			sourceTree = "<group>";
		};
		1E9E84BE187B5088002C19A6 /* InfoPlist.strings */ = {
			isa = PBXVariantGroup;
			children = (
				1E9E84BF187B5088002C19A6 /* en */,
			);
			name = InfoPlist.strings;
			sourceTree = "<group>";
		};
/* End PBXVariantGroup section */

/* Begin XCBuildConfiguration section */
		1E9E84C3187B5088002C19A6 /* Debug */ = {
			isa = XCBuildConfiguration;
			buildSettings = {
				ALWAYS_SEARCH_USER_PATHS = NO;
				ARCHS = "$(ARCHS_STANDARD_INCLUDING_64_BIT)";
				CLANG_CXX_LANGUAGE_STANDARD = "gnu++0x";
				CLANG_CXX_LIBRARY = "libc++";
				CLANG_ENABLE_MODULES = YES;
				CLANG_ENABLE_OBJC_ARC = YES;
				CLANG_WARN_BOOL_CONVERSION = YES;
				CLANG_WARN_CONSTANT_CONVERSION = YES;
				CLANG_WARN_DIRECT_OBJC_ISA_USAGE = YES_ERROR;
				CLANG_WARN_EMPTY_BODY = YES;
				CLANG_WARN_ENUM_CONVERSION = YES;
				CLANG_WARN_INT_CONVERSION = YES;
				CLANG_WARN_OBJC_ROOT_CLASS = YES_ERROR;
				CLANG_WARN__DUPLICATE_METHOD_MATCH = YES;
				"CODE_SIGN_IDENTITY[sdk=iphoneos*]" = "iPhone Developer";
				COPY_PHASE_STRIP = NO;
				GCC_C_LANGUAGE_STANDARD = gnu99;
				GCC_DYNAMIC_NO_PIC = NO;
				GCC_OPTIMIZATION_LEVEL = 0;
				GCC_PREPROCESSOR_DEFINITIONS = (
					"DEBUG=1",
					"$(inherited)",
				);
				GCC_SYMBOLS_PRIVATE_EXTERN = NO;
				GCC_WARN_64_TO_32_BIT_CONVERSION = YES;
				GCC_WARN_ABOUT_RETURN_TYPE = YES_ERROR;
				GCC_WARN_UNDECLARED_SELECTOR = YES;
				GCC_WARN_UNINITIALIZED_AUTOS = YES;
				GCC_WARN_UNUSED_FUNCTION = YES;
				GCC_WARN_UNUSED_VARIABLE = YES;
				IPHONEOS_DEPLOYMENT_TARGET = 7.0;
				ONLY_ACTIVE_ARCH = YES;
				SDKROOT = iphoneos;
				TARGETED_DEVICE_FAMILY = "1,2";
			};
			name = Debug;
		};
		1E9E84C4187B5088002C19A6 /* Release */ = {
			isa = XCBuildConfiguration;
			buildSettings = {
				ALWAYS_SEARCH_USER_PATHS = NO;
				ARCHS = "$(ARCHS_STANDARD_INCLUDING_64_BIT)";
				CLANG_CXX_LANGUAGE_STANDARD = "gnu++0x";
				CLANG_CXX_LIBRARY = "libc++";
				CLANG_ENABLE_MODULES = YES;
				CLANG_ENABLE_OBJC_ARC = YES;
				CLANG_WARN_BOOL_CONVERSION = YES;
				CLANG_WARN_CONSTANT_CONVERSION = YES;
				CLANG_WARN_DIRECT_OBJC_ISA_USAGE = YES_ERROR;
				CLANG_WARN_EMPTY_BODY = YES;
				CLANG_WARN_ENUM_CONVERSION = YES;
				CLANG_WARN_INT_CONVERSION = YES;
				CLANG_WARN_OBJC_ROOT_CLASS = YES_ERROR;
				CLANG_WARN__DUPLICATE_METHOD_MATCH = YES;
				"CODE_SIGN_IDENTITY[sdk=iphoneos*]" = "iPhone Developer";
				COPY_PHASE_STRIP = YES;
				ENABLE_NS_ASSERTIONS = NO;
				GCC_C_LANGUAGE_STANDARD = gnu99;
				GCC_WARN_64_TO_32_BIT_CONVERSION = YES;
				GCC_WARN_ABOUT_RETURN_TYPE = YES_ERROR;
				GCC_WARN_UNDECLARED_SELECTOR = YES;
				GCC_WARN_UNINITIALIZED_AUTOS = YES;
				GCC_WARN_UNUSED_FUNCTION = YES;
				GCC_WARN_UNUSED_VARIABLE = YES;
				IPHONEOS_DEPLOYMENT_TARGET = 7.0;
				SDKROOT = iphoneos;
				TARGETED_DEVICE_FAMILY = "1,2";
				VALIDATE_PRODUCT = YES;
			};
			name = Release;
		};
		1E9E84C6187B5088002C19A6 /* Debug */ = {
			isa = XCBuildConfiguration;
			buildSettings = {
				ASSETCATALOG_COMPILER_APPICON_NAME = AppIcon;
				ASSETCATALOG_COMPILER_LAUNCHIMAGE_NAME = LaunchImage;
				GCC_PRECOMPILE_PREFIX_HEADER = YES;
				GCC_PREFIX_HEADER = "Soiree/Soiree-Prefix.pch";
				INFOPLIST_FILE = "Soiree/Soiree-Info.plist";
				PRODUCT_NAME = "$(TARGET_NAME)";
				WRAPPER_EXTENSION = app;
			};
			name = Debug;
		};
		1E9E84C7187B5088002C19A6 /* Release */ = {
			isa = XCBuildConfiguration;
			buildSettings = {
				ASSETCATALOG_COMPILER_APPICON_NAME = AppIcon;
				ASSETCATALOG_COMPILER_LAUNCHIMAGE_NAME = LaunchImage;
				GCC_PRECOMPILE_PREFIX_HEADER = YES;
				GCC_PREFIX_HEADER = "Soiree/Soiree-Prefix.pch";
				INFOPLIST_FILE = "Soiree/Soiree-Info.plist";
				PRODUCT_NAME = "$(TARGET_NAME)";
				WRAPPER_EXTENSION = app;
			};
			name = Release;
		};
		1E9E84C9187B5088002C19A6 /* Debug */ = {
			isa = XCBuildConfiguration;
			buildSettings = {
				ARCHS = "$(ARCHS_STANDARD_INCLUDING_64_BIT)";
				BUNDLE_LOADER = "$(BUILT_PRODUCTS_DIR)/Soiree.app/Soiree";
				FRAMEWORK_SEARCH_PATHS = (
					"$(SDKROOT)/Developer/Library/Frameworks",
					"$(inherited)",
					"$(DEVELOPER_FRAMEWORKS_DIR)",
				);
				GCC_PRECOMPILE_PREFIX_HEADER = YES;
				GCC_PREFIX_HEADER = "Soiree/Soiree-Prefix.pch";
				GCC_PREPROCESSOR_DEFINITIONS = (
					"DEBUG=1",
					"$(inherited)",
				);
				INFOPLIST_FILE = "SoireeTests/SoireeTests-Info.plist";
				PRODUCT_NAME = "$(TARGET_NAME)";
				TEST_HOST = "$(BUNDLE_LOADER)";
				WRAPPER_EXTENSION = xctest;
			};
			name = Debug;
		};
		1E9E84CA187B5088002C19A6 /* Release */ = {
			isa = XCBuildConfiguration;
			buildSettings = {
				ARCHS = "$(ARCHS_STANDARD_INCLUDING_64_BIT)";
				BUNDLE_LOADER = "$(BUILT_PRODUCTS_DIR)/Soiree.app/Soiree";
				FRAMEWORK_SEARCH_PATHS = (
					"$(SDKROOT)/Developer/Library/Frameworks",
					"$(inherited)",
					"$(DEVELOPER_FRAMEWORKS_DIR)",
				);
				GCC_PRECOMPILE_PREFIX_HEADER = YES;
				GCC_PREFIX_HEADER = "Soiree/Soiree-Prefix.pch";
				INFOPLIST_FILE = "SoireeTests/SoireeTests-Info.plist";
				PRODUCT_NAME = "$(TARGET_NAME)";
				TEST_HOST = "$(BUNDLE_LOADER)";
				WRAPPER_EXTENSION = xctest;
			};
			name = Release;
		};
/* End XCBuildConfiguration section */

/* Begin XCConfigurationList section */
		1E9E848B187B5088002C19A6 /* Build configuration list for PBXProject "Soiree" */ = {
			isa = XCConfigurationList;
			buildConfigurations = (
				1E9E84C3187B5088002C19A6 /* Debug */,
				1E9E84C4187B5088002C19A6 /* Release */,
			);
			defaultConfigurationIsVisible = 0;
			defaultConfigurationName = Release;
		};
		1E9E84C5187B5088002C19A6 /* Build configuration list for PBXNativeTarget "Soiree" */ = {
			isa = XCConfigurationList;
			buildConfigurations = (
				1E9E84C6187B5088002C19A6 /* Debug */,
				1E9E84C7187B5088002C19A6 /* Release */,
			);
			defaultConfigurationIsVisible = 0;
		};
		1E9E84C8187B5088002C19A6 /* Build configuration list for PBXNativeTarget "SoireeTests" */ = {
			isa = XCConfigurationList;
			buildConfigurations = (
				1E9E84C9187B5088002C19A6 /* Debug */,
				1E9E84CA187B5088002C19A6 /* Release */,
			);
			defaultConfigurationIsVisible = 0;
		};
/* End XCConfigurationList section */
	};
	rootObject = 1E9E8488187B5088002C19A6 /* Project object */;
}
