// !$*UTF8*$!
{
	archiveVersion = 1;
	classes = {
	};
	objectVersion = 46;
	objects = {

/* Begin PBXBuildFile section */
		1E208ADE1898000F00EDBDD6 /* GGPTextEntryViewController.m in Sources */ = {isa = PBXBuildFile; fileRef = 1E208ADD1898000F00EDBDD6 /* GGPTextEntryViewController.m */; };
		1E3DB44B188888B7002EA446 /* GGPEventDetailViewController.m in Sources */ = {isa = PBXBuildFile; fileRef = 1E3DB44A188888B7002EA446 /* GGPEventDetailViewController.m */; };
		1E548C85187F1139009F8F5F /* Parse.framework in Frameworks */ = {isa = PBXBuildFile; fileRef = 1E548C84187F1139009F8F5F /* Parse.framework */; };
		1E548C8B187F3C14009F8F5F /* GGPCreateEventViewController.m in Sources */ = {isa = PBXBuildFile; fileRef = 1E548C8A187F3C14009F8F5F /* GGPCreateEventViewController.m */; };
		1E548C8F1880CCCE009F8F5F /* GGPEvent.m in Sources */ = {isa = PBXBuildFile; fileRef = 1E548C8E1880CCCE009F8F5F /* GGPEvent.m */; };
		1E548C9218845AF7009F8F5F /* GGPLocation.m in Sources */ = {isa = PBXBuildFile; fileRef = 1E548C9118845AF7009F8F5F /* GGPLocation.m */; };
		1E548C951885A7E7009F8F5F /* GGPMyEventsViewController.m in Sources */ = {isa = PBXBuildFile; fileRef = 1E548C941885A7E7009F8F5F /* GGPMyEventsViewController.m */; };
		1E548C9818865B0D009F8F5F /* GGPFindEventViewController.m in Sources */ = {isa = PBXBuildFile; fileRef = 1E548C9718865B0D009F8F5F /* GGPFindEventViewController.m */; };
		1E5ACB1618C83E86007698B4 /* GGPLogModeViewController.m in Sources */ = {isa = PBXBuildFile; fileRef = 1E5ACB1518C83E86007698B4 /* GGPLogModeViewController.m */; };
		1E5ACB1718CB9A80007698B4 /* GGPViewController.m in Sources */ = {isa = PBXBuildFile; fileRef = 1E9E84AC187B5088002C19A6 /* GGPViewController.m */; };
		1E5ACB1918CFC165007698B4 /* Montez-Regular.ttf in Resources */ = {isa = PBXBuildFile; fileRef = 1E5ACB1818CFAE31007698B4 /* Montez-Regular.ttf */; };
		1E5C83CD18C64EB2006CFE6A /* GGPSearchViewController.m in Sources */ = {isa = PBXBuildFile; fileRef = 1E5C83CC18C64EB2006CFE6A /* GGPSearchViewController.m */; };
		1E5C83D418C6A36B006CFE6A /* GGPLogEditViewController.m in Sources */ = {isa = PBXBuildFile; fileRef = 1E5C83D318C6A36B006CFE6A /* GGPLogEditViewController.m */; };
		1E70D90F18A55708008DFC09 /* GGPCollectionLayout.m in Sources */ = {isa = PBXBuildFile; fileRef = 1E70D90E18A55708008DFC09 /* GGPCollectionLayout.m */; };
		1E7EE0271890DB5A006D0251 /* GGPLogEntry.m in Sources */ = {isa = PBXBuildFile; fileRef = 1E7EE0261890DB5A006D0251 /* GGPLogEntry.m */; };
		1E7F98AA18A15D6F00A0D5C2 /* GGPEventOptionsViewController.m in Sources */ = {isa = PBXBuildFile; fileRef = 1E7F98A918A15D6F00A0D5C2 /* GGPEventOptionsViewController.m */; };
		1E7F98AD18A1EB1B00A0D5C2 /* GGPTextFilter.m in Sources */ = {isa = PBXBuildFile; fileRef = 1E7F98AC18A1EB1B00A0D5C2 /* GGPTextFilter.m */; };
		1E7F98B018A35F1800A0D5C2 /* GGPTwitterResultsViewController.m in Sources */ = {isa = PBXBuildFile; fileRef = 1E7F98AF18A35F1800A0D5C2 /* GGPTwitterResultsViewController.m */; };
		1E9E8494187B5088002C19A6 /* Foundation.framework in Frameworks */ = {isa = PBXBuildFile; fileRef = 1E9E8493187B5088002C19A6 /* Foundation.framework */; };
		1E9E8496187B5088002C19A6 /* CoreGraphics.framework in Frameworks */ = {isa = PBXBuildFile; fileRef = 1E9E8495187B5088002C19A6 /* CoreGraphics.framework */; };
		1E9E8498187B5088002C19A6 /* UIKit.framework in Frameworks */ = {isa = PBXBuildFile; fileRef = 1E9E8497187B5088002C19A6 /* UIKit.framework */; };
		1E9E849E187B5088002C19A6 /* InfoPlist.strings in Resources */ = {isa = PBXBuildFile; fileRef = 1E9E849C187B5088002C19A6 /* InfoPlist.strings */; };
		1E9E84A0187B5088002C19A6 /* main.m in Sources */ = {isa = PBXBuildFile; fileRef = 1E9E849F187B5088002C19A6 /* main.m */; };
		1E9E84A4187B5088002C19A6 /* GGPAppDelegate.m in Sources */ = {isa = PBXBuildFile; fileRef = 1E9E84A3187B5088002C19A6 /* GGPAppDelegate.m */; };
		1E9E84A7187B5088002C19A6 /* Main_iPhone.storyboard in Resources */ = {isa = PBXBuildFile; fileRef = 1E9E84A5187B5088002C19A6 /* Main_iPhone.storyboard */; };
		1E9E84AA187B5088002C19A6 /* Main_iPad.storyboard in Resources */ = {isa = PBXBuildFile; fileRef = 1E9E84A8187B5088002C19A6 /* Main_iPad.storyboard */; };
		1E9E84AD187B5088002C19A6 /* GGPViewController.m in Sources */ = {isa = PBXBuildFile; fileRef = 1E9E84AC187B5088002C19A6 /* GGPViewController.m */; };
		1E9E84AF187B5088002C19A6 /* Images.xcassets in Resources */ = {isa = PBXBuildFile; fileRef = 1E9E84AE187B5088002C19A6 /* Images.xcassets */; };
		1E9E84B6187B5088002C19A6 /* XCTest.framework in Frameworks */ = {isa = PBXBuildFile; fileRef = 1E9E84B5187B5088002C19A6 /* XCTest.framework */; };
		1E9E84B7187B5088002C19A6 /* Foundation.framework in Frameworks */ = {isa = PBXBuildFile; fileRef = 1E9E8493187B5088002C19A6 /* Foundation.framework */; };
		1E9E84B8187B5088002C19A6 /* UIKit.framework in Frameworks */ = {isa = PBXBuildFile; fileRef = 1E9E8497187B5088002C19A6 /* UIKit.framework */; };
		1E9E84C0187B5088002C19A6 /* InfoPlist.strings in Resources */ = {isa = PBXBuildFile; fileRef = 1E9E84BE187B5088002C19A6 /* InfoPlist.strings */; };
		1E9E84C2187B5088002C19A6 /* SoireeTests.m in Sources */ = {isa = PBXBuildFile; fileRef = 1E9E84C1187B5088002C19A6 /* SoireeTests.m */; };
		1EA45AF0188EEA2E00B13935 /* GGPAttendeesViewController.m in Sources */ = {isa = PBXBuildFile; fileRef = 1EA45AEF188EEA2E00B13935 /* GGPAttendeesViewController.m */; };
		1EA45AF31890346600B13935 /* GGPEventLogViewController.m in Sources */ = {isa = PBXBuildFile; fileRef = 1EA45AF21890346600B13935 /* GGPEventLogViewController.m */; };
		1EA45AF618903B6400B13935 /* GGPComposeEntryViewController.m in Sources */ = {isa = PBXBuildFile; fileRef = 1EA45AF518903B6400B13935 /* GGPComposeEntryViewController.m */; };
		1EA45AF918906C5000B13935 /* GGPVideoEntryViewController.m in Sources */ = {isa = PBXBuildFile; fileRef = 1EA45AF818906C5000B13935 /* GGPVideoEntryViewController.m */; };
		1EE3EDF718AC8353008AF9A7 /* GGPLabelConverter.m in Sources */ = {isa = PBXBuildFile; fileRef = 1EE3EDF618AC8353008AF9A7 /* GGPLabelConverter.m */; };
		1EE3EDFA18AC9E8C008AF9A7 /* GGPSlideshowViewController.m in Sources */ = {isa = PBXBuildFile; fileRef = 1EE3EDF918AC9E8B008AF9A7 /* GGPSlideshowViewController.m */; };
		1EE3EDFD18AE950A008AF9A7 /* GGPSlideShowOptionsViewController.m in Sources */ = {isa = PBXBuildFile; fileRef = 1EE3EDFC18AE950A008AF9A7 /* GGPSlideShowOptionsViewController.m */; };
		1EE3EE0018B28D01008AF9A7 /* GGPSlideshowOptions.m in Sources */ = {isa = PBXBuildFile; fileRef = 1EE3EDFF18B28D01008AF9A7 /* GGPSlideshowOptions.m */; };
		1EE3EE0318B5F33E008AF9A7 /* GGPFacebookResultsViewController.m in Sources */ = {isa = PBXBuildFile; fileRef = 1EE3EE0218B5F33E008AF9A7 /* GGPFacebookResultsViewController.m */; };
		1EE3EE0718BBDC03008AF9A7 /* GGPStats.m in Sources */ = {isa = PBXBuildFile; fileRef = 1EE3EE0618BBDC03008AF9A7 /* GGPStats.m */; };
		1EE3EE0A18BC48C4008AF9A7 /* GGPStatsViewController.m in Sources */ = {isa = PBXBuildFile; fileRef = 1EE3EE0918BC48C4008AF9A7 /* GGPStatsViewController.m */; };
		1EE3EE0D18BD0AB4008AF9A7 /* GGPWordCloudRetriever.m in Sources */ = {isa = PBXBuildFile; fileRef = 1EE3EE0C18BD0AB4008AF9A7 /* GGPWordCloudRetriever.m */; };
		1EEAE74A18BD25D6006580C2 /* libUnirest.a in Frameworks */ = {isa = PBXBuildFile; fileRef = 1EEAE72718BD244B006580C2 /* libUnirest.a */; };
		1EEAE7DF18BD2A9C006580C2 /* .gitignore in Resources */ = {isa = PBXBuildFile; fileRef = 1EEAE7B118BD2A9C006580C2 /* .gitignore */; };
		1EEAE7E018BD2A9C006580C2 /* .travis.yml in Resources */ = {isa = PBXBuildFile; fileRef = 1EEAE7B218BD2A9C006580C2 /* .travis.yml */; };
		1EEAE7E118BD2A9C006580C2 /* LICENSE in Resources */ = {isa = PBXBuildFile; fileRef = 1EEAE7B318BD2A9C006580C2 /* LICENSE */; };
		1EEAE7E218BD2A9C006580C2 /* README.md in Resources */ = {isa = PBXBuildFile; fileRef = 1EEAE7B418BD2A9C006580C2 /* README.md */; };
		1EEAE7E318BD2A9C006580C2 /* Base64.m in Sources */ = {isa = PBXBuildFile; fileRef = 1EEAE7B718BD2A9C006580C2 /* Base64.m */; };
		1EEAE7E418BD2A9C006580C2 /* UNIBaseRequest.m in Sources */ = {isa = PBXBuildFile; fileRef = 1EEAE7BA18BD2A9C006580C2 /* UNIBaseRequest.m */; };
		1EEAE7E518BD2A9C006580C2 /* UNIBodyRequest.m in Sources */ = {isa = PBXBuildFile; fileRef = 1EEAE7BC18BD2A9C006580C2 /* UNIBodyRequest.m */; };
		1EEAE7E618BD2A9C006580C2 /* UNISimpleRequest.m in Sources */ = {isa = PBXBuildFile; fileRef = 1EEAE7BE18BD2A9C006580C2 /* UNISimpleRequest.m */; };
		1EEAE7E718BD2A9C006580C2 /* UNIHTTPBinaryResponse.m in Sources */ = {isa = PBXBuildFile; fileRef = 1EEAE7C118BD2A9C006580C2 /* UNIHTTPBinaryResponse.m */; };
		1EEAE7E818BD2A9C006580C2 /* UNIHTTPJsonResponse.m in Sources */ = {isa = PBXBuildFile; fileRef = 1EEAE7C318BD2A9C006580C2 /* UNIHTTPJsonResponse.m */; };
		1EEAE7E918BD2A9C006580C2 /* UNIHTTPResponse.m in Sources */ = {isa = PBXBuildFile; fileRef = 1EEAE7C518BD2A9C006580C2 /* UNIHTTPResponse.m */; };
		1EEAE7EA18BD2A9C006580C2 /* UNIHTTPStringResponse.m in Sources */ = {isa = PBXBuildFile; fileRef = 1EEAE7C718BD2A9C006580C2 /* UNIHTTPStringResponse.m */; };
		1EEAE7EB18BD2A9C006580C2 /* UNIJsonNode.m in Sources */ = {isa = PBXBuildFile; fileRef = 1EEAE7C918BD2A9C006580C2 /* UNIJsonNode.m */; };
		1EEAE7EC18BD2A9C006580C2 /* UNIHTTPClientHelper.m in Sources */ = {isa = PBXBuildFile; fileRef = 1EEAE7CB18BD2A9C006580C2 /* UNIHTTPClientHelper.m */; };
		1EEAE7ED18BD2A9C006580C2 /* UNIHTTPRequest.m in Sources */ = {isa = PBXBuildFile; fileRef = 1EEAE7CD18BD2A9C006580C2 /* UNIHTTPRequest.m */; };
		1EEAE7EE18BD2A9C006580C2 /* UNIHTTPRequestWithBody.m in Sources */ = {isa = PBXBuildFile; fileRef = 1EEAE7CF18BD2A9C006580C2 /* UNIHTTPRequestWithBody.m */; };
		1EEAE7EF18BD2A9C006580C2 /* UNIRest.m in Sources */ = {isa = PBXBuildFile; fileRef = 1EEAE7D218BD2A9C006580C2 /* UNIRest.m */; };
		1EEAE7F018BD2A9C006580C2 /* UNIUrlConnection.m in Sources */ = {isa = PBXBuildFile; fileRef = 1EEAE7D418BD2A9C006580C2 /* UNIUrlConnection.m */; };
		1EEAE7F118BD2A9C006580C2 /* Unirest.podspec in Resources */ = {isa = PBXBuildFile; fileRef = 1EEAE7D518BD2A9C006580C2 /* Unirest.podspec */; };
		1EEAE82118BEF899006580C2 /* AFHTTPClient.m in Sources */ = {isa = PBXBuildFile; fileRef = 1EEAE7FE18BEF899006580C2 /* AFHTTPClient.m */; };
		1EEAE82218BEF899006580C2 /* AFHTTPRequestOperation.m in Sources */ = {isa = PBXBuildFile; fileRef = 1EEAE80018BEF899006580C2 /* AFHTTPRequestOperation.m */; };
		1EEAE82318BEF899006580C2 /* AFImageRequestOperation.m in Sources */ = {isa = PBXBuildFile; fileRef = 1EEAE80218BEF899006580C2 /* AFImageRequestOperation.m */; };
		1EEAE82418BEF899006580C2 /* AFJSONRequestOperation.m in Sources */ = {isa = PBXBuildFile; fileRef = 1EEAE80418BEF899006580C2 /* AFJSONRequestOperation.m */; };
		1EEAE82518BEF899006580C2 /* AFNetworkActivityIndicatorManager.m in Sources */ = {isa = PBXBuildFile; fileRef = 1EEAE80618BEF899006580C2 /* AFNetworkActivityIndicatorManager.m */; };
		1EEAE82618BEF899006580C2 /* AFPropertyListRequestOperation.m in Sources */ = {isa = PBXBuildFile; fileRef = 1EEAE80918BEF899006580C2 /* AFPropertyListRequestOperation.m */; };
		1EEAE82718BEF899006580C2 /* AFURLConnectionOperation.m in Sources */ = {isa = PBXBuildFile; fileRef = 1EEAE80B18BEF899006580C2 /* AFURLConnectionOperation.m */; };
		1EEAE82818BEF899006580C2 /* AFXMLRequestOperation.m in Sources */ = {isa = PBXBuildFile; fileRef = 1EEAE80D18BEF899006580C2 /* AFXMLRequestOperation.m */; };
		1EEAE82918BEF899006580C2 /* UIImageView+AFNetworking.m in Sources */ = {isa = PBXBuildFile; fileRef = 1EEAE80F18BEF899006580C2 /* UIImageView+AFNetworking.m */; };
		1EEAE82A18BEF899006580C2 /* InstagramEngine.m in Sources */ = {isa = PBXBuildFile; fileRef = 1EEAE81218BEF899006580C2 /* InstagramEngine.m */; };
		1EEAE82B18BEF899006580C2 /* IKUserInPhoto.m in Sources */ = {isa = PBXBuildFile; fileRef = 1EEAE81618BEF899006580C2 /* IKUserInPhoto.m */; };
		1EEAE82C18BEF899006580C2 /* InstagramComment.m in Sources */ = {isa = PBXBuildFile; fileRef = 1EEAE81818BEF899006580C2 /* InstagramComment.m */; };
		1EEAE82D18BEF899006580C2 /* InstagramMedia.m in Sources */ = {isa = PBXBuildFile; fileRef = 1EEAE81A18BEF899006580C2 /* InstagramMedia.m */; };
		1EEAE82E18BEF899006580C2 /* InstagramModel.m in Sources */ = {isa = PBXBuildFile; fileRef = 1EEAE81C18BEF899006580C2 /* InstagramModel.m */; };
		1EEAE82F18BEF899006580C2 /* InstagramTag.m in Sources */ = {isa = PBXBuildFile; fileRef = 1EEAE81E18BEF899006580C2 /* InstagramTag.m */; };
		1EEAE83018BEF899006580C2 /* InstagramUser.m in Sources */ = {isa = PBXBuildFile; fileRef = 1EEAE82018BEF899006580C2 /* InstagramUser.m */; };
		1EEAE83318BF0616006580C2 /* GGPInstagramViewController.m in Sources */ = {isa = PBXBuildFile; fileRef = 1EEAE83218BF0616006580C2 /* GGPInstagramViewController.m */; };
		37BDE156187BA336000EC13C /* GGPCreateUserViewController.m in Sources */ = {isa = PBXBuildFile; fileRef = 37BDE155187BA336000EC13C /* GGPCreateUserViewController.m */; };
		37BDE15A187BBB8E000EC13C /* AudioToolbox.framework in Frameworks */ = {isa = PBXBuildFile; fileRef = 37BDE159187BBB8E000EC13C /* AudioToolbox.framework */; };
		37BDE15C187BBB9C000EC13C /* CFNetwork.framework in Frameworks */ = {isa = PBXBuildFile; fileRef = 37BDE15B187BBB9C000EC13C /* CFNetwork.framework */; };
		37BDE15E187BBBBE000EC13C /* CoreLocation.framework in Frameworks */ = {isa = PBXBuildFile; fileRef = 37BDE15D187BBBBE000EC13C /* CoreLocation.framework */; };
		37BDE160187BBBD6000EC13C /* libz.1.1.3.dylib in Frameworks */ = {isa = PBXBuildFile; fileRef = 37BDE15F187BBBD6000EC13C /* libz.1.1.3.dylib */; };
		37BDE162187BBBE1000EC13C /* MobileCoreServices.framework in Frameworks */ = {isa = PBXBuildFile; fileRef = 37BDE161187BBBE1000EC13C /* MobileCoreServices.framework */; };
		37BDE164187BBBF1000EC13C /* QuartzCore.framework in Frameworks */ = {isa = PBXBuildFile; fileRef = 37BDE163187BBBF1000EC13C /* QuartzCore.framework */; };
		37BDE166187BBBFB000EC13C /* Security.framework in Frameworks */ = {isa = PBXBuildFile; fileRef = 37BDE165187BBBFB000EC13C /* Security.framework */; };
		37BDE16A187BBC28000EC13C /* SystemConfiguration.framework in Frameworks */ = {isa = PBXBuildFile; fileRef = 37BDE169187BBC28000EC13C /* SystemConfiguration.framework */; };
		37BDE16E187CF611000EC13C /* GGPLogInViewController.m in Sources */ = {isa = PBXBuildFile; fileRef = 37BDE16D187CF611000EC13C /* GGPLogInViewController.m */; };
		37BDE1F4188394D4000EC13C /* MapKit.framework in Frameworks */ = {isa = PBXBuildFile; fileRef = 37BDE1F3188394D4000EC13C /* MapKit.framework */; };
/* End PBXBuildFile section */

/* Begin PBXContainerItemProxy section */
		1E9E84B9187B5088002C19A6 /* PBXContainerItemProxy */ = {
			isa = PBXContainerItemProxy;
			containerPortal = 1E9E8488187B5088002C19A6 /* Project object */;
			proxyType = 1;
			remoteGlobalIDString = 1E9E848F187B5088002C19A6;
			remoteInfo = Soiree;
		};
		1EEAE72618BD244B006580C2 /* PBXContainerItemProxy */ = {
			isa = PBXContainerItemProxy;
			containerPortal = 1EEAE71B18BD244B006580C2 /* Unirest.xcodeproj */;
			proxyType = 2;
			remoteGlobalIDString = A9E78BA916E9801F006B80FD;
			remoteInfo = Unirest;
		};
		1EEAE72818BD244B006580C2 /* PBXContainerItemProxy */ = {
			isa = PBXContainerItemProxy;
			containerPortal = 1EEAE71B18BD244B006580C2 /* Unirest.xcodeproj */;
			proxyType = 2;
			remoteGlobalIDString = A9E78BBA16E9801F006B80FD;
			remoteInfo = UnirestTests;
		};
		1EEAE7F718BD2A9C006580C2 /* PBXContainerItemProxy */ = {
			isa = PBXContainerItemProxy;
			containerPortal = 1EEAE7D618BD2A9C006580C2 /* Unirest.xcodeproj */;
			proxyType = 2;
			remoteGlobalIDString = A9E78BA916E9801F006B80FD;
			remoteInfo = Unirest;
		};
		1EEAE7F918BD2A9C006580C2 /* PBXContainerItemProxy */ = {
			isa = PBXContainerItemProxy;
			containerPortal = 1EEAE7D618BD2A9C006580C2 /* Unirest.xcodeproj */;
			proxyType = 2;
			remoteGlobalIDString = A9E78BBA16E9801F006B80FD;
			remoteInfo = UnirestTests;
		};
/* End PBXContainerItemProxy section */

/* Begin PBXFileReference section */
		1E208ADC1898000F00EDBDD6 /* GGPTextEntryViewController.h */ = {isa = PBXFileReference; fileEncoding = 4; lastKnownFileType = sourcecode.c.h; path = GGPTextEntryViewController.h; sourceTree = "<group>"; };
		1E208ADD1898000F00EDBDD6 /* GGPTextEntryViewController.m */ = {isa = PBXFileReference; fileEncoding = 4; lastKnownFileType = sourcecode.c.objc; path = GGPTextEntryViewController.m; sourceTree = "<group>"; };
		1E3DB449188888B7002EA446 /* GGPEventDetailViewController.h */ = {isa = PBXFileReference; fileEncoding = 4; lastKnownFileType = sourcecode.c.h; path = GGPEventDetailViewController.h; sourceTree = "<group>"; };
		1E3DB44A188888B7002EA446 /* GGPEventDetailViewController.m */ = {isa = PBXFileReference; fileEncoding = 4; lastKnownFileType = sourcecode.c.objc; path = GGPEventDetailViewController.m; sourceTree = "<group>"; };
		1E548C84187F1139009F8F5F /* Parse.framework */ = {isa = PBXFileReference; lastKnownFileType = wrapper.framework; name = Parse.framework; path = ../../Vendor/Parse.framework; sourceTree = "<group>"; };
		1E548C89187F3C14009F8F5F /* GGPCreateEventViewController.h */ = {isa = PBXFileReference; fileEncoding = 4; lastKnownFileType = sourcecode.c.h; path = GGPCreateEventViewController.h; sourceTree = "<group>"; };
		1E548C8A187F3C14009F8F5F /* GGPCreateEventViewController.m */ = {isa = PBXFileReference; fileEncoding = 4; lastKnownFileType = sourcecode.c.objc; path = GGPCreateEventViewController.m; sourceTree = "<group>"; };
		1E548C8D1880CCCE009F8F5F /* GGPEvent.h */ = {isa = PBXFileReference; fileEncoding = 4; lastKnownFileType = sourcecode.c.h; path = GGPEvent.h; sourceTree = "<group>"; };
		1E548C8E1880CCCE009F8F5F /* GGPEvent.m */ = {isa = PBXFileReference; fileEncoding = 4; lastKnownFileType = sourcecode.c.objc; path = GGPEvent.m; sourceTree = "<group>"; };
		1E548C9018845AF7009F8F5F /* GGPLocation.h */ = {isa = PBXFileReference; fileEncoding = 4; lastKnownFileType = sourcecode.c.h; path = GGPLocation.h; sourceTree = "<group>"; };
		1E548C9118845AF7009F8F5F /* GGPLocation.m */ = {isa = PBXFileReference; fileEncoding = 4; lastKnownFileType = sourcecode.c.objc; path = GGPLocation.m; sourceTree = "<group>"; };
		1E548C931885A7E7009F8F5F /* GGPMyEventsViewController.h */ = {isa = PBXFileReference; fileEncoding = 4; lastKnownFileType = sourcecode.c.h; path = GGPMyEventsViewController.h; sourceTree = "<group>"; };
		1E548C941885A7E7009F8F5F /* GGPMyEventsViewController.m */ = {isa = PBXFileReference; fileEncoding = 4; lastKnownFileType = sourcecode.c.objc; path = GGPMyEventsViewController.m; sourceTree = "<group>"; };
		1E548C9618865B0D009F8F5F /* GGPFindEventViewController.h */ = {isa = PBXFileReference; fileEncoding = 4; lastKnownFileType = sourcecode.c.h; path = GGPFindEventViewController.h; sourceTree = "<group>"; };
		1E548C9718865B0D009F8F5F /* GGPFindEventViewController.m */ = {isa = PBXFileReference; fileEncoding = 4; lastKnownFileType = sourcecode.c.objc; path = GGPFindEventViewController.m; sourceTree = "<group>"; };
		1E5ACB1418C83E86007698B4 /* GGPLogModeViewController.h */ = {isa = PBXFileReference; fileEncoding = 4; lastKnownFileType = sourcecode.c.h; path = GGPLogModeViewController.h; sourceTree = "<group>"; };
		1E5ACB1518C83E86007698B4 /* GGPLogModeViewController.m */ = {isa = PBXFileReference; fileEncoding = 4; lastKnownFileType = sourcecode.c.objc; path = GGPLogModeViewController.m; sourceTree = "<group>"; };
		1E5ACB1818CFAE31007698B4 /* Montez-Regular.ttf */ = {isa = PBXFileReference; lastKnownFileType = file; name = "Montez-Regular.ttf"; path = "../../../../../Downloads/montez/Montez-Regular.ttf"; sourceTree = "<group>"; };
		1E5C83CB18C64EB2006CFE6A /* GGPSearchViewController.h */ = {isa = PBXFileReference; fileEncoding = 4; lastKnownFileType = sourcecode.c.h; path = GGPSearchViewController.h; sourceTree = "<group>"; };
		1E5C83CC18C64EB2006CFE6A /* GGPSearchViewController.m */ = {isa = PBXFileReference; fileEncoding = 4; lastKnownFileType = sourcecode.c.objc; path = GGPSearchViewController.m; sourceTree = "<group>"; };
		1E5C83D218C6A36B006CFE6A /* GGPLogEditViewController.h */ = {isa = PBXFileReference; fileEncoding = 4; lastKnownFileType = sourcecode.c.h; path = GGPLogEditViewController.h; sourceTree = "<group>"; };
		1E5C83D318C6A36B006CFE6A /* GGPLogEditViewController.m */ = {isa = PBXFileReference; fileEncoding = 4; lastKnownFileType = sourcecode.c.objc; path = GGPLogEditViewController.m; sourceTree = "<group>"; };
		1E70D90D18A55708008DFC09 /* GGPCollectionLayout.h */ = {isa = PBXFileReference; fileEncoding = 4; lastKnownFileType = sourcecode.c.h; path = GGPCollectionLayout.h; sourceTree = "<group>"; };
		1E70D90E18A55708008DFC09 /* GGPCollectionLayout.m */ = {isa = PBXFileReference; fileEncoding = 4; lastKnownFileType = sourcecode.c.objc; path = GGPCollectionLayout.m; sourceTree = "<group>"; };
		1E7EE0251890DB5A006D0251 /* GGPLogEntry.h */ = {isa = PBXFileReference; fileEncoding = 4; lastKnownFileType = sourcecode.c.h; path = GGPLogEntry.h; sourceTree = "<group>"; };
		1E7EE0261890DB5A006D0251 /* GGPLogEntry.m */ = {isa = PBXFileReference; fileEncoding = 4; lastKnownFileType = sourcecode.c.objc; path = GGPLogEntry.m; sourceTree = "<group>"; };
		1E7F98A818A15D6E00A0D5C2 /* GGPEventOptionsViewController.h */ = {isa = PBXFileReference; fileEncoding = 4; lastKnownFileType = sourcecode.c.h; path = GGPEventOptionsViewController.h; sourceTree = "<group>"; };
		1E7F98A918A15D6F00A0D5C2 /* GGPEventOptionsViewController.m */ = {isa = PBXFileReference; fileEncoding = 4; lastKnownFileType = sourcecode.c.objc; path = GGPEventOptionsViewController.m; sourceTree = "<group>"; };
		1E7F98AB18A1EB1B00A0D5C2 /* GGPTextFilter.h */ = {isa = PBXFileReference; fileEncoding = 4; lastKnownFileType = sourcecode.c.h; path = GGPTextFilter.h; sourceTree = "<group>"; };
		1E7F98AC18A1EB1B00A0D5C2 /* GGPTextFilter.m */ = {isa = PBXFileReference; fileEncoding = 4; lastKnownFileType = sourcecode.c.objc; path = GGPTextFilter.m; sourceTree = "<group>"; };
		1E7F98AE18A35F1800A0D5C2 /* GGPTwitterResultsViewController.h */ = {isa = PBXFileReference; fileEncoding = 4; lastKnownFileType = sourcecode.c.h; path = GGPTwitterResultsViewController.h; sourceTree = "<group>"; };
		1E7F98AF18A35F1800A0D5C2 /* GGPTwitterResultsViewController.m */ = {isa = PBXFileReference; fileEncoding = 4; lastKnownFileType = sourcecode.c.objc; path = GGPTwitterResultsViewController.m; sourceTree = "<group>"; };
		1E9E8490187B5088002C19A6 /* Soiree.app */ = {isa = PBXFileReference; explicitFileType = wrapper.application; includeInIndex = 0; path = Soiree.app; sourceTree = BUILT_PRODUCTS_DIR; };
		1E9E8493187B5088002C19A6 /* Foundation.framework */ = {isa = PBXFileReference; lastKnownFileType = wrapper.framework; name = Foundation.framework; path = System/Library/Frameworks/Foundation.framework; sourceTree = SDKROOT; };
		1E9E8495187B5088002C19A6 /* CoreGraphics.framework */ = {isa = PBXFileReference; lastKnownFileType = wrapper.framework; name = CoreGraphics.framework; path = System/Library/Frameworks/CoreGraphics.framework; sourceTree = SDKROOT; };
		1E9E8497187B5088002C19A6 /* UIKit.framework */ = {isa = PBXFileReference; lastKnownFileType = wrapper.framework; name = UIKit.framework; path = System/Library/Frameworks/UIKit.framework; sourceTree = SDKROOT; };
		1E9E849B187B5088002C19A6 /* Soiree-Info.plist */ = {isa = PBXFileReference; lastKnownFileType = text.plist.xml; path = "Soiree-Info.plist"; sourceTree = "<group>"; };
		1E9E849D187B5088002C19A6 /* en */ = {isa = PBXFileReference; lastKnownFileType = text.plist.strings; name = en; path = en.lproj/InfoPlist.strings; sourceTree = "<group>"; };
		1E9E849F187B5088002C19A6 /* main.m */ = {isa = PBXFileReference; lastKnownFileType = sourcecode.c.objc; path = main.m; sourceTree = "<group>"; };
		1E9E84A1187B5088002C19A6 /* Soiree-Prefix.pch */ = {isa = PBXFileReference; lastKnownFileType = sourcecode.c.h; path = "Soiree-Prefix.pch"; sourceTree = "<group>"; };
		1E9E84A2187B5088002C19A6 /* GGPAppDelegate.h */ = {isa = PBXFileReference; lastKnownFileType = sourcecode.c.h; path = GGPAppDelegate.h; sourceTree = "<group>"; };
		1E9E84A3187B5088002C19A6 /* GGPAppDelegate.m */ = {isa = PBXFileReference; lastKnownFileType = sourcecode.c.objc; path = GGPAppDelegate.m; sourceTree = "<group>"; };
		1E9E84A6187B5088002C19A6 /* Base */ = {isa = PBXFileReference; lastKnownFileType = file.storyboard; name = Base; path = Base.lproj/Main_iPhone.storyboard; sourceTree = "<group>"; };
		1E9E84A9187B5088002C19A6 /* Base */ = {isa = PBXFileReference; lastKnownFileType = file.storyboard; name = Base; path = Base.lproj/Main_iPad.storyboard; sourceTree = "<group>"; };
		1E9E84AB187B5088002C19A6 /* GGPViewController.h */ = {isa = PBXFileReference; lastKnownFileType = sourcecode.c.h; path = GGPViewController.h; sourceTree = "<group>"; };
		1E9E84AC187B5088002C19A6 /* GGPViewController.m */ = {isa = PBXFileReference; lastKnownFileType = sourcecode.c.objc; path = GGPViewController.m; sourceTree = "<group>"; };
		1E9E84AE187B5088002C19A6 /* Images.xcassets */ = {isa = PBXFileReference; lastKnownFileType = folder.assetcatalog; path = Images.xcassets; sourceTree = "<group>"; };
		1E9E84B4187B5088002C19A6 /* SoireeTests.xctest */ = {isa = PBXFileReference; explicitFileType = wrapper.cfbundle; includeInIndex = 0; path = SoireeTests.xctest; sourceTree = BUILT_PRODUCTS_DIR; };
		1E9E84B5187B5088002C19A6 /* XCTest.framework */ = {isa = PBXFileReference; lastKnownFileType = wrapper.framework; name = XCTest.framework; path = Library/Frameworks/XCTest.framework; sourceTree = DEVELOPER_DIR; };
		1E9E84BD187B5088002C19A6 /* SoireeTests-Info.plist */ = {isa = PBXFileReference; lastKnownFileType = text.plist.xml; path = "SoireeTests-Info.plist"; sourceTree = "<group>"; };
		1E9E84BF187B5088002C19A6 /* en */ = {isa = PBXFileReference; lastKnownFileType = text.plist.strings; name = en; path = en.lproj/InfoPlist.strings; sourceTree = "<group>"; };
		1E9E84C1187B5088002C19A6 /* SoireeTests.m */ = {isa = PBXFileReference; lastKnownFileType = sourcecode.c.objc; path = SoireeTests.m; sourceTree = "<group>"; };
		1EA45AEE188EEA2E00B13935 /* GGPAttendeesViewController.h */ = {isa = PBXFileReference; fileEncoding = 4; lastKnownFileType = sourcecode.c.h; path = GGPAttendeesViewController.h; sourceTree = "<group>"; };
		1EA45AEF188EEA2E00B13935 /* GGPAttendeesViewController.m */ = {isa = PBXFileReference; fileEncoding = 4; lastKnownFileType = sourcecode.c.objc; path = GGPAttendeesViewController.m; sourceTree = "<group>"; };
		1EA45AF11890346600B13935 /* GGPEventLogViewController.h */ = {isa = PBXFileReference; fileEncoding = 4; lastKnownFileType = sourcecode.c.h; path = GGPEventLogViewController.h; sourceTree = "<group>"; };
		1EA45AF21890346600B13935 /* GGPEventLogViewController.m */ = {isa = PBXFileReference; fileEncoding = 4; lastKnownFileType = sourcecode.c.objc; path = GGPEventLogViewController.m; sourceTree = "<group>"; };
		1EA45AF418903B6400B13935 /* GGPComposeEntryViewController.h */ = {isa = PBXFileReference; fileEncoding = 4; lastKnownFileType = sourcecode.c.h; path = GGPComposeEntryViewController.h; sourceTree = "<group>"; };
		1EA45AF518903B6400B13935 /* GGPComposeEntryViewController.m */ = {isa = PBXFileReference; fileEncoding = 4; lastKnownFileType = sourcecode.c.objc; path = GGPComposeEntryViewController.m; sourceTree = "<group>"; };
		1EA45AF718906C4F00B13935 /* GGPVideoEntryViewController.h */ = {isa = PBXFileReference; fileEncoding = 4; lastKnownFileType = sourcecode.c.h; path = GGPVideoEntryViewController.h; sourceTree = "<group>"; };
		1EA45AF818906C5000B13935 /* GGPVideoEntryViewController.m */ = {isa = PBXFileReference; fileEncoding = 4; lastKnownFileType = sourcecode.c.objc; path = GGPVideoEntryViewController.m; sourceTree = "<group>"; };
		1EE3EDF518AC8353008AF9A7 /* GGPLabelConverter.h */ = {isa = PBXFileReference; fileEncoding = 4; lastKnownFileType = sourcecode.c.h; path = GGPLabelConverter.h; sourceTree = "<group>"; };
		1EE3EDF618AC8353008AF9A7 /* GGPLabelConverter.m */ = {isa = PBXFileReference; fileEncoding = 4; lastKnownFileType = sourcecode.c.objc; path = GGPLabelConverter.m; sourceTree = "<group>"; };
		1EE3EDF818AC9E8B008AF9A7 /* GGPSlideshowViewController.h */ = {isa = PBXFileReference; fileEncoding = 4; lastKnownFileType = sourcecode.c.h; path = GGPSlideshowViewController.h; sourceTree = "<group>"; };
		1EE3EDF918AC9E8B008AF9A7 /* GGPSlideshowViewController.m */ = {isa = PBXFileReference; fileEncoding = 4; lastKnownFileType = sourcecode.c.objc; path = GGPSlideshowViewController.m; sourceTree = "<group>"; };
		1EE3EDFB18AE950A008AF9A7 /* GGPSlideShowOptionsViewController.h */ = {isa = PBXFileReference; fileEncoding = 4; lastKnownFileType = sourcecode.c.h; path = GGPSlideShowOptionsViewController.h; sourceTree = "<group>"; };
		1EE3EDFC18AE950A008AF9A7 /* GGPSlideShowOptionsViewController.m */ = {isa = PBXFileReference; fileEncoding = 4; lastKnownFileType = sourcecode.c.objc; path = GGPSlideShowOptionsViewController.m; sourceTree = "<group>"; };
		1EE3EDFE18B28D01008AF9A7 /* GGPSlideshowOptions.h */ = {isa = PBXFileReference; fileEncoding = 4; lastKnownFileType = sourcecode.c.h; path = GGPSlideshowOptions.h; sourceTree = "<group>"; };
		1EE3EDFF18B28D01008AF9A7 /* GGPSlideshowOptions.m */ = {isa = PBXFileReference; fileEncoding = 4; lastKnownFileType = sourcecode.c.objc; path = GGPSlideshowOptions.m; sourceTree = "<group>"; };
		1EE3EE0118B5F33E008AF9A7 /* GGPFacebookResultsViewController.h */ = {isa = PBXFileReference; fileEncoding = 4; lastKnownFileType = sourcecode.c.h; path = GGPFacebookResultsViewController.h; sourceTree = "<group>"; };
		1EE3EE0218B5F33E008AF9A7 /* GGPFacebookResultsViewController.m */ = {isa = PBXFileReference; fileEncoding = 4; lastKnownFileType = sourcecode.c.objc; path = GGPFacebookResultsViewController.m; sourceTree = "<group>"; };
		1EE3EE0518BBDC03008AF9A7 /* GGPStats.h */ = {isa = PBXFileReference; fileEncoding = 4; lastKnownFileType = sourcecode.c.h; path = GGPStats.h; sourceTree = "<group>"; };
		1EE3EE0618BBDC03008AF9A7 /* GGPStats.m */ = {isa = PBXFileReference; fileEncoding = 4; lastKnownFileType = sourcecode.c.objc; path = GGPStats.m; sourceTree = "<group>"; };
		1EE3EE0818BC48C4008AF9A7 /* GGPStatsViewController.h */ = {isa = PBXFileReference; fileEncoding = 4; lastKnownFileType = sourcecode.c.h; path = GGPStatsViewController.h; sourceTree = "<group>"; };
		1EE3EE0918BC48C4008AF9A7 /* GGPStatsViewController.m */ = {isa = PBXFileReference; fileEncoding = 4; lastKnownFileType = sourcecode.c.objc; path = GGPStatsViewController.m; sourceTree = "<group>"; };
		1EE3EE0B18BD0AB4008AF9A7 /* GGPWordCloudRetriever.h */ = {isa = PBXFileReference; fileEncoding = 4; lastKnownFileType = sourcecode.c.h; path = GGPWordCloudRetriever.h; sourceTree = "<group>"; };
		1EE3EE0C18BD0AB4008AF9A7 /* GGPWordCloudRetriever.m */ = {isa = PBXFileReference; fileEncoding = 4; lastKnownFileType = sourcecode.c.objc; path = GGPWordCloudRetriever.m; sourceTree = "<group>"; };
		1EE3EE0E18BD1DD8008AF9A7 /* README.md */ = {isa = PBXFileReference; lastKnownFileType = text; name = README.md; path = "../../Vendor/unirest-obj-c-master/README.md"; sourceTree = "<group>"; };
		1EEAE6F618BD244B006580C2 /* .gitignore */ = {isa = PBXFileReference; lastKnownFileType = text; path = .gitignore; sourceTree = "<group>"; };
		1EEAE6F718BD244B006580C2 /* .travis.yml */ = {isa = PBXFileReference; lastKnownFileType = text; path = .travis.yml; sourceTree = "<group>"; };
		1EEAE6F818BD244B006580C2 /* LICENSE */ = {isa = PBXFileReference; lastKnownFileType = text; path = LICENSE; sourceTree = "<group>"; };
		1EEAE6F918BD244B006580C2 /* README.md */ = {isa = PBXFileReference; lastKnownFileType = text; path = README.md; sourceTree = "<group>"; };
		1EEAE6FB18BD244B006580C2 /* Base64.h */ = {isa = PBXFileReference; lastKnownFileType = sourcecode.c.h; path = Base64.h; sourceTree = "<group>"; };
		1EEAE6FC18BD244B006580C2 /* Base64.m */ = {isa = PBXFileReference; lastKnownFileType = sourcecode.c.objc; path = Base64.m; sourceTree = "<group>"; };
		1EEAE6FE18BD244B006580C2 /* UNIBaseRequest.h */ = {isa = PBXFileReference; lastKnownFileType = sourcecode.c.h; path = UNIBaseRequest.h; sourceTree = "<group>"; };
		1EEAE6FF18BD244B006580C2 /* UNIBaseRequest.m */ = {isa = PBXFileReference; lastKnownFileType = sourcecode.c.objc; path = UNIBaseRequest.m; sourceTree = "<group>"; };
		1EEAE70018BD244B006580C2 /* UNIBodyRequest.h */ = {isa = PBXFileReference; lastKnownFileType = sourcecode.c.h; path = UNIBodyRequest.h; sourceTree = "<group>"; };
		1EEAE70118BD244B006580C2 /* UNIBodyRequest.m */ = {isa = PBXFileReference; lastKnownFileType = sourcecode.c.objc; path = UNIBodyRequest.m; sourceTree = "<group>"; };
		1EEAE70218BD244B006580C2 /* UNISimpleRequest.h */ = {isa = PBXFileReference; lastKnownFileType = sourcecode.c.h; path = UNISimpleRequest.h; sourceTree = "<group>"; };
		1EEAE70318BD244B006580C2 /* UNISimpleRequest.m */ = {isa = PBXFileReference; lastKnownFileType = sourcecode.c.objc; path = UNISimpleRequest.m; sourceTree = "<group>"; };
		1EEAE70518BD244B006580C2 /* UNIHTTPBinaryResponse.h */ = {isa = PBXFileReference; lastKnownFileType = sourcecode.c.h; path = UNIHTTPBinaryResponse.h; sourceTree = "<group>"; };
		1EEAE70618BD244B006580C2 /* UNIHTTPBinaryResponse.m */ = {isa = PBXFileReference; lastKnownFileType = sourcecode.c.objc; path = UNIHTTPBinaryResponse.m; sourceTree = "<group>"; };
		1EEAE70718BD244B006580C2 /* UNIHTTPJsonResponse.h */ = {isa = PBXFileReference; lastKnownFileType = sourcecode.c.h; path = UNIHTTPJsonResponse.h; sourceTree = "<group>"; };
		1EEAE70818BD244B006580C2 /* UNIHTTPJsonResponse.m */ = {isa = PBXFileReference; lastKnownFileType = sourcecode.c.objc; path = UNIHTTPJsonResponse.m; sourceTree = "<group>"; };
		1EEAE70918BD244B006580C2 /* UNIHTTPResponse.h */ = {isa = PBXFileReference; lastKnownFileType = sourcecode.c.h; path = UNIHTTPResponse.h; sourceTree = "<group>"; };
		1EEAE70A18BD244B006580C2 /* UNIHTTPResponse.m */ = {isa = PBXFileReference; lastKnownFileType = sourcecode.c.objc; path = UNIHTTPResponse.m; sourceTree = "<group>"; };
		1EEAE70B18BD244B006580C2 /* UNIHTTPStringResponse.h */ = {isa = PBXFileReference; lastKnownFileType = sourcecode.c.h; path = UNIHTTPStringResponse.h; sourceTree = "<group>"; };
		1EEAE70C18BD244B006580C2 /* UNIHTTPStringResponse.m */ = {isa = PBXFileReference; lastKnownFileType = sourcecode.c.objc; path = UNIHTTPStringResponse.m; sourceTree = "<group>"; };
		1EEAE70D18BD244B006580C2 /* UNIJsonNode.h */ = {isa = PBXFileReference; lastKnownFileType = sourcecode.c.h; path = UNIJsonNode.h; sourceTree = "<group>"; };
		1EEAE70E18BD244B006580C2 /* UNIJsonNode.m */ = {isa = PBXFileReference; lastKnownFileType = sourcecode.c.objc; path = UNIJsonNode.m; sourceTree = "<group>"; };
		1EEAE70F18BD244B006580C2 /* UNIHTTPClientHelper.h */ = {isa = PBXFileReference; lastKnownFileType = sourcecode.c.h; path = UNIHTTPClientHelper.h; sourceTree = "<group>"; };
		1EEAE71018BD244B006580C2 /* UNIHTTPClientHelper.m */ = {isa = PBXFileReference; lastKnownFileType = sourcecode.c.objc; path = UNIHTTPClientHelper.m; sourceTree = "<group>"; };
		1EEAE71118BD244B006580C2 /* UNIHTTPRequest.h */ = {isa = PBXFileReference; lastKnownFileType = sourcecode.c.h; path = UNIHTTPRequest.h; sourceTree = "<group>"; };
		1EEAE71218BD244B006580C2 /* UNIHTTPRequest.m */ = {isa = PBXFileReference; lastKnownFileType = sourcecode.c.objc; path = UNIHTTPRequest.m; sourceTree = "<group>"; };
		1EEAE71318BD244B006580C2 /* UNIHTTPRequestWithBody.h */ = {isa = PBXFileReference; lastKnownFileType = sourcecode.c.h; path = UNIHTTPRequestWithBody.h; sourceTree = "<group>"; };
		1EEAE71418BD244B006580C2 /* UNIHTTPRequestWithBody.m */ = {isa = PBXFileReference; lastKnownFileType = sourcecode.c.objc; path = UNIHTTPRequestWithBody.m; sourceTree = "<group>"; };
		1EEAE71518BD244B006580C2 /* Unirest-Prefix.pch */ = {isa = PBXFileReference; lastKnownFileType = sourcecode.c.h; path = "Unirest-Prefix.pch"; sourceTree = "<group>"; };
		1EEAE71618BD244B006580C2 /* UNIRest.h */ = {isa = PBXFileReference; lastKnownFileType = sourcecode.c.h; path = UNIRest.h; sourceTree = "<group>"; };
		1EEAE71718BD244B006580C2 /* UNIRest.m */ = {isa = PBXFileReference; lastKnownFileType = sourcecode.c.objc; path = UNIRest.m; sourceTree = "<group>"; };
		1EEAE71818BD244B006580C2 /* UNIUrlConnection.h */ = {isa = PBXFileReference; lastKnownFileType = sourcecode.c.h; path = UNIUrlConnection.h; sourceTree = "<group>"; };
		1EEAE71918BD244B006580C2 /* UNIUrlConnection.m */ = {isa = PBXFileReference; lastKnownFileType = sourcecode.c.objc; path = UNIUrlConnection.m; sourceTree = "<group>"; };
		1EEAE71A18BD244B006580C2 /* Unirest.podspec */ = {isa = PBXFileReference; lastKnownFileType = text; path = Unirest.podspec; sourceTree = "<group>"; };
		1EEAE71B18BD244B006580C2 /* Unirest.xcodeproj */ = {isa = PBXFileReference; lastKnownFileType = "wrapper.pb-project"; path = Unirest.xcodeproj; sourceTree = "<group>"; };
		1EEAE72018BD244B006580C2 /* en */ = {isa = PBXFileReference; lastKnownFileType = text.plist.strings; name = en; path = en.lproj/InfoPlist.strings; sourceTree = "<group>"; };
		1EEAE72118BD244B006580C2 /* UnirestTests-Info.plist */ = {isa = PBXFileReference; lastKnownFileType = text.plist.xml; path = "UnirestTests-Info.plist"; sourceTree = "<group>"; };
		1EEAE72218BD244B006580C2 /* UnirestTests.h */ = {isa = PBXFileReference; lastKnownFileType = sourcecode.c.h; path = UnirestTests.h; sourceTree = "<group>"; };
		1EEAE72318BD244B006580C2 /* UnirestTests.m */ = {isa = PBXFileReference; lastKnownFileType = sourcecode.c.objc; path = UnirestTests.m; sourceTree = "<group>"; };
		1EEAE72B18BD2476006580C2 /* Base64.h */ = {isa = PBXFileReference; lastKnownFileType = sourcecode.c.h; path = Base64.h; sourceTree = "<group>"; };
		1EEAE72C18BD2476006580C2 /* Base64.m */ = {isa = PBXFileReference; lastKnownFileType = sourcecode.c.objc; path = Base64.m; sourceTree = "<group>"; };
		1EEAE72E18BD2476006580C2 /* UNIBaseRequest.h */ = {isa = PBXFileReference; lastKnownFileType = sourcecode.c.h; path = UNIBaseRequest.h; sourceTree = "<group>"; };
		1EEAE72F18BD2476006580C2 /* UNIBaseRequest.m */ = {isa = PBXFileReference; lastKnownFileType = sourcecode.c.objc; path = UNIBaseRequest.m; sourceTree = "<group>"; };
		1EEAE73018BD2476006580C2 /* UNIBodyRequest.h */ = {isa = PBXFileReference; lastKnownFileType = sourcecode.c.h; path = UNIBodyRequest.h; sourceTree = "<group>"; };
		1EEAE73118BD2476006580C2 /* UNIBodyRequest.m */ = {isa = PBXFileReference; lastKnownFileType = sourcecode.c.objc; path = UNIBodyRequest.m; sourceTree = "<group>"; };
		1EEAE73218BD2476006580C2 /* UNISimpleRequest.h */ = {isa = PBXFileReference; lastKnownFileType = sourcecode.c.h; path = UNISimpleRequest.h; sourceTree = "<group>"; };
		1EEAE73318BD2476006580C2 /* UNISimpleRequest.m */ = {isa = PBXFileReference; lastKnownFileType = sourcecode.c.objc; path = UNISimpleRequest.m; sourceTree = "<group>"; };
		1EEAE73518BD2476006580C2 /* UNIHTTPBinaryResponse.h */ = {isa = PBXFileReference; lastKnownFileType = sourcecode.c.h; path = UNIHTTPBinaryResponse.h; sourceTree = "<group>"; };
		1EEAE73618BD2476006580C2 /* UNIHTTPBinaryResponse.m */ = {isa = PBXFileReference; lastKnownFileType = sourcecode.c.objc; path = UNIHTTPBinaryResponse.m; sourceTree = "<group>"; };
		1EEAE73718BD2476006580C2 /* UNIHTTPJsonResponse.h */ = {isa = PBXFileReference; lastKnownFileType = sourcecode.c.h; path = UNIHTTPJsonResponse.h; sourceTree = "<group>"; };
		1EEAE73818BD2476006580C2 /* UNIHTTPJsonResponse.m */ = {isa = PBXFileReference; lastKnownFileType = sourcecode.c.objc; path = UNIHTTPJsonResponse.m; sourceTree = "<group>"; };
		1EEAE73918BD2476006580C2 /* UNIHTTPResponse.h */ = {isa = PBXFileReference; lastKnownFileType = sourcecode.c.h; path = UNIHTTPResponse.h; sourceTree = "<group>"; };
		1EEAE73A18BD2476006580C2 /* UNIHTTPResponse.m */ = {isa = PBXFileReference; lastKnownFileType = sourcecode.c.objc; path = UNIHTTPResponse.m; sourceTree = "<group>"; };
		1EEAE73B18BD2476006580C2 /* UNIHTTPStringResponse.h */ = {isa = PBXFileReference; lastKnownFileType = sourcecode.c.h; path = UNIHTTPStringResponse.h; sourceTree = "<group>"; };
		1EEAE73C18BD2476006580C2 /* UNIHTTPStringResponse.m */ = {isa = PBXFileReference; lastKnownFileType = sourcecode.c.objc; path = UNIHTTPStringResponse.m; sourceTree = "<group>"; };
		1EEAE73D18BD2476006580C2 /* UNIJsonNode.h */ = {isa = PBXFileReference; lastKnownFileType = sourcecode.c.h; path = UNIJsonNode.h; sourceTree = "<group>"; };
		1EEAE73E18BD2476006580C2 /* UNIJsonNode.m */ = {isa = PBXFileReference; lastKnownFileType = sourcecode.c.objc; path = UNIJsonNode.m; sourceTree = "<group>"; };
		1EEAE73F18BD2476006580C2 /* UNIHTTPClientHelper.h */ = {isa = PBXFileReference; lastKnownFileType = sourcecode.c.h; path = UNIHTTPClientHelper.h; sourceTree = "<group>"; };
		1EEAE74018BD2476006580C2 /* UNIHTTPClientHelper.m */ = {isa = PBXFileReference; lastKnownFileType = sourcecode.c.objc; path = UNIHTTPClientHelper.m; sourceTree = "<group>"; };
		1EEAE74118BD2476006580C2 /* UNIHTTPRequest.h */ = {isa = PBXFileReference; lastKnownFileType = sourcecode.c.h; path = UNIHTTPRequest.h; sourceTree = "<group>"; };
		1EEAE74218BD2476006580C2 /* UNIHTTPRequest.m */ = {isa = PBXFileReference; lastKnownFileType = sourcecode.c.objc; path = UNIHTTPRequest.m; sourceTree = "<group>"; };
		1EEAE74318BD2476006580C2 /* UNIHTTPRequestWithBody.h */ = {isa = PBXFileReference; lastKnownFileType = sourcecode.c.h; path = UNIHTTPRequestWithBody.h; sourceTree = "<group>"; };
		1EEAE74418BD2476006580C2 /* UNIHTTPRequestWithBody.m */ = {isa = PBXFileReference; lastKnownFileType = sourcecode.c.objc; path = UNIHTTPRequestWithBody.m; sourceTree = "<group>"; };
		1EEAE74518BD2476006580C2 /* Unirest-Prefix.pch */ = {isa = PBXFileReference; lastKnownFileType = sourcecode.c.h; path = "Unirest-Prefix.pch"; sourceTree = "<group>"; };
		1EEAE74618BD2476006580C2 /* UNIRest.h */ = {isa = PBXFileReference; lastKnownFileType = sourcecode.c.h; path = UNIRest.h; sourceTree = "<group>"; };
		1EEAE74718BD2476006580C2 /* UNIRest.m */ = {isa = PBXFileReference; lastKnownFileType = sourcecode.c.objc; path = UNIRest.m; sourceTree = "<group>"; };
		1EEAE74818BD2476006580C2 /* UNIUrlConnection.h */ = {isa = PBXFileReference; lastKnownFileType = sourcecode.c.h; path = UNIUrlConnection.h; sourceTree = "<group>"; };
		1EEAE74918BD2476006580C2 /* UNIUrlConnection.m */ = {isa = PBXFileReference; lastKnownFileType = sourcecode.c.objc; path = UNIUrlConnection.m; sourceTree = "<group>"; };
		1EEAE7B118BD2A9C006580C2 /* .gitignore */ = {isa = PBXFileReference; fileEncoding = 4; lastKnownFileType = text; path = .gitignore; sourceTree = "<group>"; };
		1EEAE7B218BD2A9C006580C2 /* .travis.yml */ = {isa = PBXFileReference; fileEncoding = 4; lastKnownFileType = text; path = .travis.yml; sourceTree = "<group>"; };
		1EEAE7B318BD2A9C006580C2 /* LICENSE */ = {isa = PBXFileReference; fileEncoding = 4; lastKnownFileType = text; path = LICENSE; sourceTree = "<group>"; };
		1EEAE7B418BD2A9C006580C2 /* README.md */ = {isa = PBXFileReference; fileEncoding = 4; lastKnownFileType = text; path = README.md; sourceTree = "<group>"; };
		1EEAE7B618BD2A9C006580C2 /* Base64.h */ = {isa = PBXFileReference; fileEncoding = 4; lastKnownFileType = sourcecode.c.h; path = Base64.h; sourceTree = "<group>"; };
		1EEAE7B718BD2A9C006580C2 /* Base64.m */ = {isa = PBXFileReference; fileEncoding = 4; lastKnownFileType = sourcecode.c.objc; path = Base64.m; sourceTree = "<group>"; };
		1EEAE7B918BD2A9C006580C2 /* UNIBaseRequest.h */ = {isa = PBXFileReference; fileEncoding = 4; lastKnownFileType = sourcecode.c.h; path = UNIBaseRequest.h; sourceTree = "<group>"; };
		1EEAE7BA18BD2A9C006580C2 /* UNIBaseRequest.m */ = {isa = PBXFileReference; fileEncoding = 4; lastKnownFileType = sourcecode.c.objc; path = UNIBaseRequest.m; sourceTree = "<group>"; };
		1EEAE7BB18BD2A9C006580C2 /* UNIBodyRequest.h */ = {isa = PBXFileReference; fileEncoding = 4; lastKnownFileType = sourcecode.c.h; path = UNIBodyRequest.h; sourceTree = "<group>"; };
		1EEAE7BC18BD2A9C006580C2 /* UNIBodyRequest.m */ = {isa = PBXFileReference; fileEncoding = 4; lastKnownFileType = sourcecode.c.objc; path = UNIBodyRequest.m; sourceTree = "<group>"; };
		1EEAE7BD18BD2A9C006580C2 /* UNISimpleRequest.h */ = {isa = PBXFileReference; fileEncoding = 4; lastKnownFileType = sourcecode.c.h; path = UNISimpleRequest.h; sourceTree = "<group>"; };
		1EEAE7BE18BD2A9C006580C2 /* UNISimpleRequest.m */ = {isa = PBXFileReference; fileEncoding = 4; lastKnownFileType = sourcecode.c.objc; path = UNISimpleRequest.m; sourceTree = "<group>"; };
		1EEAE7C018BD2A9C006580C2 /* UNIHTTPBinaryResponse.h */ = {isa = PBXFileReference; fileEncoding = 4; lastKnownFileType = sourcecode.c.h; path = UNIHTTPBinaryResponse.h; sourceTree = "<group>"; };
		1EEAE7C118BD2A9C006580C2 /* UNIHTTPBinaryResponse.m */ = {isa = PBXFileReference; fileEncoding = 4; lastKnownFileType = sourcecode.c.objc; path = UNIHTTPBinaryResponse.m; sourceTree = "<group>"; };
		1EEAE7C218BD2A9C006580C2 /* UNIHTTPJsonResponse.h */ = {isa = PBXFileReference; fileEncoding = 4; lastKnownFileType = sourcecode.c.h; path = UNIHTTPJsonResponse.h; sourceTree = "<group>"; };
		1EEAE7C318BD2A9C006580C2 /* UNIHTTPJsonResponse.m */ = {isa = PBXFileReference; fileEncoding = 4; lastKnownFileType = sourcecode.c.objc; path = UNIHTTPJsonResponse.m; sourceTree = "<group>"; };
		1EEAE7C418BD2A9C006580C2 /* UNIHTTPResponse.h */ = {isa = PBXFileReference; fileEncoding = 4; lastKnownFileType = sourcecode.c.h; path = UNIHTTPResponse.h; sourceTree = "<group>"; };
		1EEAE7C518BD2A9C006580C2 /* UNIHTTPResponse.m */ = {isa = PBXFileReference; fileEncoding = 4; lastKnownFileType = sourcecode.c.objc; path = UNIHTTPResponse.m; sourceTree = "<group>"; };
		1EEAE7C618BD2A9C006580C2 /* UNIHTTPStringResponse.h */ = {isa = PBXFileReference; fileEncoding = 4; lastKnownFileType = sourcecode.c.h; path = UNIHTTPStringResponse.h; sourceTree = "<group>"; };
		1EEAE7C718BD2A9C006580C2 /* UNIHTTPStringResponse.m */ = {isa = PBXFileReference; fileEncoding = 4; lastKnownFileType = sourcecode.c.objc; path = UNIHTTPStringResponse.m; sourceTree = "<group>"; };
		1EEAE7C818BD2A9C006580C2 /* UNIJsonNode.h */ = {isa = PBXFileReference; fileEncoding = 4; lastKnownFileType = sourcecode.c.h; path = UNIJsonNode.h; sourceTree = "<group>"; };
		1EEAE7C918BD2A9C006580C2 /* UNIJsonNode.m */ = {isa = PBXFileReference; fileEncoding = 4; lastKnownFileType = sourcecode.c.objc; path = UNIJsonNode.m; sourceTree = "<group>"; };
		1EEAE7CA18BD2A9C006580C2 /* UNIHTTPClientHelper.h */ = {isa = PBXFileReference; fileEncoding = 4; lastKnownFileType = sourcecode.c.h; path = UNIHTTPClientHelper.h; sourceTree = "<group>"; };
		1EEAE7CB18BD2A9C006580C2 /* UNIHTTPClientHelper.m */ = {isa = PBXFileReference; fileEncoding = 4; lastKnownFileType = sourcecode.c.objc; path = UNIHTTPClientHelper.m; sourceTree = "<group>"; };
		1EEAE7CC18BD2A9C006580C2 /* UNIHTTPRequest.h */ = {isa = PBXFileReference; fileEncoding = 4; lastKnownFileType = sourcecode.c.h; path = UNIHTTPRequest.h; sourceTree = "<group>"; };
		1EEAE7CD18BD2A9C006580C2 /* UNIHTTPRequest.m */ = {isa = PBXFileReference; fileEncoding = 4; lastKnownFileType = sourcecode.c.objc; path = UNIHTTPRequest.m; sourceTree = "<group>"; };
		1EEAE7CE18BD2A9C006580C2 /* UNIHTTPRequestWithBody.h */ = {isa = PBXFileReference; fileEncoding = 4; lastKnownFileType = sourcecode.c.h; path = UNIHTTPRequestWithBody.h; sourceTree = "<group>"; };
		1EEAE7CF18BD2A9C006580C2 /* UNIHTTPRequestWithBody.m */ = {isa = PBXFileReference; fileEncoding = 4; lastKnownFileType = sourcecode.c.objc; path = UNIHTTPRequestWithBody.m; sourceTree = "<group>"; };
		1EEAE7D018BD2A9C006580C2 /* Unirest-Prefix.pch */ = {isa = PBXFileReference; fileEncoding = 4; lastKnownFileType = sourcecode.c.h; path = "Unirest-Prefix.pch"; sourceTree = "<group>"; };
		1EEAE7D118BD2A9C006580C2 /* UNIRest.h */ = {isa = PBXFileReference; fileEncoding = 4; lastKnownFileType = sourcecode.c.h; path = UNIRest.h; sourceTree = "<group>"; };
		1EEAE7D218BD2A9C006580C2 /* UNIRest.m */ = {isa = PBXFileReference; fileEncoding = 4; lastKnownFileType = sourcecode.c.objc; path = UNIRest.m; sourceTree = "<group>"; };
		1EEAE7D318BD2A9C006580C2 /* UNIUrlConnection.h */ = {isa = PBXFileReference; fileEncoding = 4; lastKnownFileType = sourcecode.c.h; path = UNIUrlConnection.h; sourceTree = "<group>"; };
		1EEAE7D418BD2A9C006580C2 /* UNIUrlConnection.m */ = {isa = PBXFileReference; fileEncoding = 4; lastKnownFileType = sourcecode.c.objc; path = UNIUrlConnection.m; sourceTree = "<group>"; };
		1EEAE7D518BD2A9C006580C2 /* Unirest.podspec */ = {isa = PBXFileReference; fileEncoding = 4; lastKnownFileType = text; path = Unirest.podspec; sourceTree = "<group>"; };
		1EEAE7D618BD2A9C006580C2 /* Unirest.xcodeproj */ = {isa = PBXFileReference; lastKnownFileType = "wrapper.pb-project"; path = Unirest.xcodeproj; sourceTree = "<group>"; };
		1EEAE7FD18BEF899006580C2 /* AFHTTPClient.h */ = {isa = PBXFileReference; fileEncoding = 4; lastKnownFileType = sourcecode.c.h; path = AFHTTPClient.h; sourceTree = "<group>"; };
		1EEAE7FE18BEF899006580C2 /* AFHTTPClient.m */ = {isa = PBXFileReference; fileEncoding = 4; lastKnownFileType = sourcecode.c.objc; path = AFHTTPClient.m; sourceTree = "<group>"; };
		1EEAE7FF18BEF899006580C2 /* AFHTTPRequestOperation.h */ = {isa = PBXFileReference; fileEncoding = 4; lastKnownFileType = sourcecode.c.h; path = AFHTTPRequestOperation.h; sourceTree = "<group>"; };
		1EEAE80018BEF899006580C2 /* AFHTTPRequestOperation.m */ = {isa = PBXFileReference; fileEncoding = 4; lastKnownFileType = sourcecode.c.objc; path = AFHTTPRequestOperation.m; sourceTree = "<group>"; };
		1EEAE80118BEF899006580C2 /* AFImageRequestOperation.h */ = {isa = PBXFileReference; fileEncoding = 4; lastKnownFileType = sourcecode.c.h; path = AFImageRequestOperation.h; sourceTree = "<group>"; };
		1EEAE80218BEF899006580C2 /* AFImageRequestOperation.m */ = {isa = PBXFileReference; fileEncoding = 4; lastKnownFileType = sourcecode.c.objc; path = AFImageRequestOperation.m; sourceTree = "<group>"; };
		1EEAE80318BEF899006580C2 /* AFJSONRequestOperation.h */ = {isa = PBXFileReference; fileEncoding = 4; lastKnownFileType = sourcecode.c.h; path = AFJSONRequestOperation.h; sourceTree = "<group>"; };
		1EEAE80418BEF899006580C2 /* AFJSONRequestOperation.m */ = {isa = PBXFileReference; fileEncoding = 4; lastKnownFileType = sourcecode.c.objc; path = AFJSONRequestOperation.m; sourceTree = "<group>"; };
		1EEAE80518BEF899006580C2 /* AFNetworkActivityIndicatorManager.h */ = {isa = PBXFileReference; fileEncoding = 4; lastKnownFileType = sourcecode.c.h; path = AFNetworkActivityIndicatorManager.h; sourceTree = "<group>"; };
		1EEAE80618BEF899006580C2 /* AFNetworkActivityIndicatorManager.m */ = {isa = PBXFileReference; fileEncoding = 4; lastKnownFileType = sourcecode.c.objc; path = AFNetworkActivityIndicatorManager.m; sourceTree = "<group>"; };
		1EEAE80718BEF899006580C2 /* AFNetworking.h */ = {isa = PBXFileReference; fileEncoding = 4; lastKnownFileType = sourcecode.c.h; path = AFNetworking.h; sourceTree = "<group>"; };
		1EEAE80818BEF899006580C2 /* AFPropertyListRequestOperation.h */ = {isa = PBXFileReference; fileEncoding = 4; lastKnownFileType = sourcecode.c.h; path = AFPropertyListRequestOperation.h; sourceTree = "<group>"; };
		1EEAE80918BEF899006580C2 /* AFPropertyListRequestOperation.m */ = {isa = PBXFileReference; fileEncoding = 4; lastKnownFileType = sourcecode.c.objc; path = AFPropertyListRequestOperation.m; sourceTree = "<group>"; };
		1EEAE80A18BEF899006580C2 /* AFURLConnectionOperation.h */ = {isa = PBXFileReference; fileEncoding = 4; lastKnownFileType = sourcecode.c.h; path = AFURLConnectionOperation.h; sourceTree = "<group>"; };
		1EEAE80B18BEF899006580C2 /* AFURLConnectionOperation.m */ = {isa = PBXFileReference; fileEncoding = 4; lastKnownFileType = sourcecode.c.objc; path = AFURLConnectionOperation.m; sourceTree = "<group>"; };
		1EEAE80C18BEF899006580C2 /* AFXMLRequestOperation.h */ = {isa = PBXFileReference; fileEncoding = 4; lastKnownFileType = sourcecode.c.h; path = AFXMLRequestOperation.h; sourceTree = "<group>"; };
		1EEAE80D18BEF899006580C2 /* AFXMLRequestOperation.m */ = {isa = PBXFileReference; fileEncoding = 4; lastKnownFileType = sourcecode.c.objc; path = AFXMLRequestOperation.m; sourceTree = "<group>"; };
		1EEAE80E18BEF899006580C2 /* UIImageView+AFNetworking.h */ = {isa = PBXFileReference; fileEncoding = 4; lastKnownFileType = sourcecode.c.h; path = "UIImageView+AFNetworking.h"; sourceTree = "<group>"; };
		1EEAE80F18BEF899006580C2 /* UIImageView+AFNetworking.m */ = {isa = PBXFileReference; fileEncoding = 4; lastKnownFileType = sourcecode.c.objc; path = "UIImageView+AFNetworking.m"; sourceTree = "<group>"; };
		1EEAE81118BEF899006580C2 /* InstagramEngine.h */ = {isa = PBXFileReference; fileEncoding = 4; lastKnownFileType = sourcecode.c.h; path = InstagramEngine.h; sourceTree = "<group>"; };
		1EEAE81218BEF899006580C2 /* InstagramEngine.m */ = {isa = PBXFileReference; fileEncoding = 4; lastKnownFileType = sourcecode.c.objc; path = InstagramEngine.m; sourceTree = "<group>"; };
		1EEAE81318BEF899006580C2 /* InstagramKit.h */ = {isa = PBXFileReference; fileEncoding = 4; lastKnownFileType = sourcecode.c.h; path = InstagramKit.h; sourceTree = "<group>"; };
		1EEAE81518BEF899006580C2 /* IKUserInPhoto.h */ = {isa = PBXFileReference; fileEncoding = 4; lastKnownFileType = sourcecode.c.h; path = IKUserInPhoto.h; sourceTree = "<group>"; };
		1EEAE81618BEF899006580C2 /* IKUserInPhoto.m */ = {isa = PBXFileReference; fileEncoding = 4; lastKnownFileType = sourcecode.c.objc; path = IKUserInPhoto.m; sourceTree = "<group>"; };
		1EEAE81718BEF899006580C2 /* InstagramComment.h */ = {isa = PBXFileReference; fileEncoding = 4; lastKnownFileType = sourcecode.c.h; path = InstagramComment.h; sourceTree = "<group>"; };
		1EEAE81818BEF899006580C2 /* InstagramComment.m */ = {isa = PBXFileReference; fileEncoding = 4; lastKnownFileType = sourcecode.c.objc; path = InstagramComment.m; sourceTree = "<group>"; };
		1EEAE81918BEF899006580C2 /* InstagramMedia.h */ = {isa = PBXFileReference; fileEncoding = 4; lastKnownFileType = sourcecode.c.h; path = InstagramMedia.h; sourceTree = "<group>"; };
		1EEAE81A18BEF899006580C2 /* InstagramMedia.m */ = {isa = PBXFileReference; fileEncoding = 4; lastKnownFileType = sourcecode.c.objc; path = InstagramMedia.m; sourceTree = "<group>"; };
		1EEAE81B18BEF899006580C2 /* InstagramModel.h */ = {isa = PBXFileReference; fileEncoding = 4; lastKnownFileType = sourcecode.c.h; path = InstagramModel.h; sourceTree = "<group>"; };
		1EEAE81C18BEF899006580C2 /* InstagramModel.m */ = {isa = PBXFileReference; fileEncoding = 4; lastKnownFileType = sourcecode.c.objc; path = InstagramModel.m; sourceTree = "<group>"; };
		1EEAE81D18BEF899006580C2 /* InstagramTag.h */ = {isa = PBXFileReference; fileEncoding = 4; lastKnownFileType = sourcecode.c.h; path = InstagramTag.h; sourceTree = "<group>"; };
		1EEAE81E18BEF899006580C2 /* InstagramTag.m */ = {isa = PBXFileReference; fileEncoding = 4; lastKnownFileType = sourcecode.c.objc; path = InstagramTag.m; sourceTree = "<group>"; };
		1EEAE81F18BEF899006580C2 /* InstagramUser.h */ = {isa = PBXFileReference; fileEncoding = 4; lastKnownFileType = sourcecode.c.h; path = InstagramUser.h; sourceTree = "<group>"; };
		1EEAE82018BEF899006580C2 /* InstagramUser.m */ = {isa = PBXFileReference; fileEncoding = 4; lastKnownFileType = sourcecode.c.objc; path = InstagramUser.m; sourceTree = "<group>"; };
		1EEAE83118BF0616006580C2 /* GGPInstagramViewController.h */ = {isa = PBXFileReference; fileEncoding = 4; lastKnownFileType = sourcecode.c.h; path = GGPInstagramViewController.h; sourceTree = "<group>"; };
		1EEAE83218BF0616006580C2 /* GGPInstagramViewController.m */ = {isa = PBXFileReference; fileEncoding = 4; lastKnownFileType = sourcecode.c.objc; path = GGPInstagramViewController.m; sourceTree = "<group>"; };
		37BDE154187BA336000EC13C /* GGPCreateUserViewController.h */ = {isa = PBXFileReference; fileEncoding = 4; lastKnownFileType = sourcecode.c.h; path = GGPCreateUserViewController.h; sourceTree = "<group>"; };
		37BDE155187BA336000EC13C /* GGPCreateUserViewController.m */ = {isa = PBXFileReference; fileEncoding = 4; lastKnownFileType = sourcecode.c.objc; path = GGPCreateUserViewController.m; sourceTree = "<group>"; };
		37BDE159187BBB8E000EC13C /* AudioToolbox.framework */ = {isa = PBXFileReference; lastKnownFileType = wrapper.framework; name = AudioToolbox.framework; path = System/Library/Frameworks/AudioToolbox.framework; sourceTree = SDKROOT; };
		37BDE15B187BBB9C000EC13C /* CFNetwork.framework */ = {isa = PBXFileReference; lastKnownFileType = wrapper.framework; name = CFNetwork.framework; path = System/Library/Frameworks/CFNetwork.framework; sourceTree = SDKROOT; };
		37BDE15D187BBBBE000EC13C /* CoreLocation.framework */ = {isa = PBXFileReference; lastKnownFileType = wrapper.framework; name = CoreLocation.framework; path = System/Library/Frameworks/CoreLocation.framework; sourceTree = SDKROOT; };
		37BDE15F187BBBD6000EC13C /* libz.1.1.3.dylib */ = {isa = PBXFileReference; lastKnownFileType = "compiled.mach-o.dylib"; name = libz.1.1.3.dylib; path = usr/lib/libz.1.1.3.dylib; sourceTree = SDKROOT; };
		37BDE161187BBBE1000EC13C /* MobileCoreServices.framework */ = {isa = PBXFileReference; lastKnownFileType = wrapper.framework; name = MobileCoreServices.framework; path = System/Library/Frameworks/MobileCoreServices.framework; sourceTree = SDKROOT; };
		37BDE163187BBBF1000EC13C /* QuartzCore.framework */ = {isa = PBXFileReference; lastKnownFileType = wrapper.framework; name = QuartzCore.framework; path = System/Library/Frameworks/QuartzCore.framework; sourceTree = SDKROOT; };
		37BDE165187BBBFB000EC13C /* Security.framework */ = {isa = PBXFileReference; lastKnownFileType = wrapper.framework; name = Security.framework; path = System/Library/Frameworks/Security.framework; sourceTree = SDKROOT; };
		37BDE169187BBC28000EC13C /* SystemConfiguration.framework */ = {isa = PBXFileReference; lastKnownFileType = wrapper.framework; name = SystemConfiguration.framework; path = System/Library/Frameworks/SystemConfiguration.framework; sourceTree = SDKROOT; };
		37BDE16C187CF611000EC13C /* GGPLogInViewController.h */ = {isa = PBXFileReference; fileEncoding = 4; lastKnownFileType = sourcecode.c.h; path = GGPLogInViewController.h; sourceTree = "<group>"; };
		37BDE16D187CF611000EC13C /* GGPLogInViewController.m */ = {isa = PBXFileReference; fileEncoding = 4; lastKnownFileType = sourcecode.c.objc; path = GGPLogInViewController.m; sourceTree = "<group>"; };
		37BDE1F3188394D4000EC13C /* MapKit.framework */ = {isa = PBXFileReference; lastKnownFileType = wrapper.framework; name = MapKit.framework; path = System/Library/Frameworks/MapKit.framework; sourceTree = SDKROOT; };
/* End PBXFileReference section */

/* Begin PBXFrameworksBuildPhase section */
		1E9E848D187B5088002C19A6 /* Frameworks */ = {
			isa = PBXFrameworksBuildPhase;
			buildActionMask = 2147483647;
			files = (
				1EEAE74A18BD25D6006580C2 /* libUnirest.a in Frameworks */,
				37BDE1F4188394D4000EC13C /* MapKit.framework in Frameworks */,
				1E548C85187F1139009F8F5F /* Parse.framework in Frameworks */,
				37BDE16A187BBC28000EC13C /* SystemConfiguration.framework in Frameworks */,
				37BDE166187BBBFB000EC13C /* Security.framework in Frameworks */,
				37BDE164187BBBF1000EC13C /* QuartzCore.framework in Frameworks */,
				37BDE162187BBBE1000EC13C /* MobileCoreServices.framework in Frameworks */,
				37BDE160187BBBD6000EC13C /* libz.1.1.3.dylib in Frameworks */,
				37BDE15E187BBBBE000EC13C /* CoreLocation.framework in Frameworks */,
				1E9E8496187B5088002C19A6 /* CoreGraphics.framework in Frameworks */,
				37BDE15C187BBB9C000EC13C /* CFNetwork.framework in Frameworks */,
				37BDE15A187BBB8E000EC13C /* AudioToolbox.framework in Frameworks */,
				1E9E8498187B5088002C19A6 /* UIKit.framework in Frameworks */,
				1E9E8494187B5088002C19A6 /* Foundation.framework in Frameworks */,
			);
			runOnlyForDeploymentPostprocessing = 0;
		};
		1E9E84B1187B5088002C19A6 /* Frameworks */ = {
			isa = PBXFrameworksBuildPhase;
			buildActionMask = 2147483647;
			files = (
				1E9E84B6187B5088002C19A6 /* XCTest.framework in Frameworks */,
				1E9E84B8187B5088002C19A6 /* UIKit.framework in Frameworks */,
				1E9E84B7187B5088002C19A6 /* Foundation.framework in Frameworks */,
			);
			runOnlyForDeploymentPostprocessing = 0;
		};
/* End PBXFrameworksBuildPhase section */

/* Begin PBXGroup section */
		1E548C8C1880CC64009F8F5F /* Model */ = {
			isa = PBXGroup;
			children = (
				1E548C8D1880CCCE009F8F5F /* GGPEvent.h */,
				1E548C8E1880CCCE009F8F5F /* GGPEvent.m */,
				1E548C9018845AF7009F8F5F /* GGPLocation.h */,
				1E548C9118845AF7009F8F5F /* GGPLocation.m */,
				1E7EE0251890DB5A006D0251 /* GGPLogEntry.h */,
				1E7EE0261890DB5A006D0251 /* GGPLogEntry.m */,
				1EE3EDFE18B28D01008AF9A7 /* GGPSlideshowOptions.h */,
				1EE3EDFF18B28D01008AF9A7 /* GGPSlideshowOptions.m */,
				1EE3EE0518BBDC03008AF9A7 /* GGPStats.h */,
				1EE3EE0618BBDC03008AF9A7 /* GGPStats.m */,
			);
			name = Model;
			sourceTree = "<group>";
		};
		1E7F98A718A156E200A0D5C2 /* Log */ = {
			isa = PBXGroup;
			children = (
				1EE3EDF818AC9E8B008AF9A7 /* GGPSlideshowViewController.h */,
				1EE3EDF918AC9E8B008AF9A7 /* GGPSlideshowViewController.m */,
				1EA45AF11890346600B13935 /* GGPEventLogViewController.h */,
				1EA45AF21890346600B13935 /* GGPEventLogViewController.m */,
				1EA45AF418903B6400B13935 /* GGPComposeEntryViewController.h */,
				1EA45AF518903B6400B13935 /* GGPComposeEntryViewController.m */,
				1EA45AF718906C4F00B13935 /* GGPVideoEntryViewController.h */,
				1EA45AF818906C5000B13935 /* GGPVideoEntryViewController.m */,
				1E208ADC1898000F00EDBDD6 /* GGPTextEntryViewController.h */,
				1E208ADD1898000F00EDBDD6 /* GGPTextEntryViewController.m */,
				1E70D90D18A55708008DFC09 /* GGPCollectionLayout.h */,
				1E70D90E18A55708008DFC09 /* GGPCollectionLayout.m */,
				1EE3EDFB18AE950A008AF9A7 /* GGPSlideShowOptionsViewController.h */,
				1EE3EDFC18AE950A008AF9A7 /* GGPSlideShowOptionsViewController.m */,
				1E5C83D218C6A36B006CFE6A /* GGPLogEditViewController.h */,
				1E5C83D318C6A36B006CFE6A /* GGPLogEditViewController.m */,
			);
			name = Log;
			sourceTree = "<group>";
		};
		1E9E8487187B5088002C19A6 = {
			isa = PBXGroup;
			children = (
				1EEAE7FB18BEF899006580C2 /* instagramKit */,
				1EEAE7B018BD2A9C006580C2 /* unirest-obj-c-master */,
				1E9E8499187B5088002C19A6 /* Soiree */,
				1E9E8491187B5088002C19A6 /* Products */,
				1E9E8492187B5088002C19A6 /* Frameworks */,
				1E9E84BB187B5088002C19A6 /* SoireeTests */,
			);
			sourceTree = "<group>";
		};
		1E9E8491187B5088002C19A6 /* Products */ = {
			isa = PBXGroup;
			children = (
				1E9E8490187B5088002C19A6 /* Soiree.app */,
				1E9E84B4187B5088002C19A6 /* SoireeTests.xctest */,
			);
			name = Products;
			sourceTree = "<group>";
		};
		1E9E8492187B5088002C19A6 /* Frameworks */ = {
			isa = PBXGroup;
			children = (
				1EEAE72A18BD2476006580C2 /* Unirest */,
				1EEAE6F518BD244B006580C2 /* unirest-obj-c-master */,
				1EE3EE0E18BD1DD8008AF9A7 /* README.md */,
				37BDE1F3188394D4000EC13C /* MapKit.framework */,
				1E548C84187F1139009F8F5F /* Parse.framework */,
				37BDE169187BBC28000EC13C /* SystemConfiguration.framework */,
				37BDE165187BBBFB000EC13C /* Security.framework */,
				37BDE163187BBBF1000EC13C /* QuartzCore.framework */,
				37BDE161187BBBE1000EC13C /* MobileCoreServices.framework */,
				37BDE15F187BBBD6000EC13C /* libz.1.1.3.dylib */,
				37BDE15D187BBBBE000EC13C /* CoreLocation.framework */,
				37BDE15B187BBB9C000EC13C /* CFNetwork.framework */,
				37BDE159187BBB8E000EC13C /* AudioToolbox.framework */,
				1E9E8493187B5088002C19A6 /* Foundation.framework */,
				1E9E8495187B5088002C19A6 /* CoreGraphics.framework */,
				1E9E8497187B5088002C19A6 /* UIKit.framework */,
				1E9E84B5187B5088002C19A6 /* XCTest.framework */,
			);
			name = Frameworks;
			sourceTree = "<group>";
		};
		1E9E8499187B5088002C19A6 /* Soiree */ = {
			isa = PBXGroup;
			children = (
				1E9E84A2187B5088002C19A6 /* GGPAppDelegate.h */,
				1E9E84A3187B5088002C19A6 /* GGPAppDelegate.m */,
				1E9E84A5187B5088002C19A6 /* Main_iPhone.storyboard */,
				1E9E84A8187B5088002C19A6 /* Main_iPad.storyboard */,
				1E9E84AE187B5088002C19A6 /* Images.xcassets */,
				1E9E849A187B5088002C19A6 /* Supporting Files */,
				1E548C8C1880CC64009F8F5F /* Model */,
				37BDE16B187CF514000EC13C /* ViewControllers */,
				1E7F98AB18A1EB1B00A0D5C2 /* GGPTextFilter.h */,
				1E7F98AC18A1EB1B00A0D5C2 /* GGPTextFilter.m */,
				1EE3EDF518AC8353008AF9A7 /* GGPLabelConverter.h */,
				1EE3EDF618AC8353008AF9A7 /* GGPLabelConverter.m */,
				1EE3EE0B18BD0AB4008AF9A7 /* GGPWordCloudRetriever.h */,
				1EE3EE0C18BD0AB4008AF9A7 /* GGPWordCloudRetriever.m */,
			);
			path = Soiree;
			sourceTree = "<group>";
		};
		1E9E849A187B5088002C19A6 /* Supporting Files */ = {
			isa = PBXGroup;
			children = (
				1E5ACB1818CFAE31007698B4 /* Montez-Regular.ttf */,
				1E9E849B187B5088002C19A6 /* Soiree-Info.plist */,
				1E9E849C187B5088002C19A6 /* InfoPlist.strings */,
				1E9E849F187B5088002C19A6 /* main.m */,
				1E9E84A1187B5088002C19A6 /* Soiree-Prefix.pch */,
			);
			name = "Supporting Files";
			sourceTree = "<group>";
		};
		1E9E84BB187B5088002C19A6 /* SoireeTests */ = {
			isa = PBXGroup;
			children = (
				1E9E84C1187B5088002C19A6 /* SoireeTests.m */,
				1E9E84BC187B5088002C19A6 /* Supporting Files */,
			);
			path = SoireeTests;
			sourceTree = "<group>";
		};
		1E9E84BC187B5088002C19A6 /* Supporting Files */ = {
			isa = PBXGroup;
			children = (
				1E9E84BD187B5088002C19A6 /* SoireeTests-Info.plist */,
				1E9E84BE187B5088002C19A6 /* InfoPlist.strings */,
			);
			name = "Supporting Files";
			sourceTree = "<group>";
		};
		1EA45AEC188EE63300B13935 /* UserManageViewControlls */ = {
			isa = PBXGroup;
			children = (
				37BDE154187BA336000EC13C /* GGPCreateUserViewController.h */,
				37BDE155187BA336000EC13C /* GGPCreateUserViewController.m */,
				37BDE16C187CF611000EC13C /* GGPLogInViewController.h */,
				37BDE16D187CF611000EC13C /* GGPLogInViewController.m */,
			);
			name = UserManageViewControlls;
			sourceTree = "<group>";
		};
		1EA45AED188EE69B00B13935 /* EventManageViewControlls */ = {
			isa = PBXGroup;
			children = (
				1E548C89187F3C14009F8F5F /* GGPCreateEventViewController.h */,
				1E548C8A187F3C14009F8F5F /* GGPCreateEventViewController.m */,
				1E548C931885A7E7009F8F5F /* GGPMyEventsViewController.h */,
				1E548C941885A7E7009F8F5F /* GGPMyEventsViewController.m */,
				1E548C9618865B0D009F8F5F /* GGPFindEventViewController.h */,
				1E548C9718865B0D009F8F5F /* GGPFindEventViewController.m */,
				1E3DB449188888B7002EA446 /* GGPEventDetailViewController.h */,
				1E3DB44A188888B7002EA446 /* GGPEventDetailViewController.m */,
				1EA45AEE188EEA2E00B13935 /* GGPAttendeesViewController.h */,
				1EA45AEF188EEA2E00B13935 /* GGPAttendeesViewController.m */,
				1E7F98A818A15D6E00A0D5C2 /* GGPEventOptionsViewController.h */,
				1E7F98A918A15D6F00A0D5C2 /* GGPEventOptionsViewController.m */,
				1E7F98AE18A35F1800A0D5C2 /* GGPTwitterResultsViewController.h */,
				1E7F98AF18A35F1800A0D5C2 /* GGPTwitterResultsViewController.m */,
				1EE3EE0118B5F33E008AF9A7 /* GGPFacebookResultsViewController.h */,
				1EE3EE0218B5F33E008AF9A7 /* GGPFacebookResultsViewController.m */,
				1EE3EE0818BC48C4008AF9A7 /* GGPStatsViewController.h */,
				1EE3EE0918BC48C4008AF9A7 /* GGPStatsViewController.m */,
				1EEAE83118BF0616006580C2 /* GGPInstagramViewController.h */,
				1EEAE83218BF0616006580C2 /* GGPInstagramViewController.m */,
				1E5C83CB18C64EB2006CFE6A /* GGPSearchViewController.h */,
				1E5C83CC18C64EB2006CFE6A /* GGPSearchViewController.m */,
			);
			name = EventManageViewControlls;
			sourceTree = "<group>";
		};
		1EEAE6F518BD244B006580C2 /* unirest-obj-c-master */ = {
			isa = PBXGroup;
			children = (
				1EEAE6F618BD244B006580C2 /* .gitignore */,
				1EEAE6F718BD244B006580C2 /* .travis.yml */,
				1EEAE6F818BD244B006580C2 /* LICENSE */,
				1EEAE6F918BD244B006580C2 /* README.md */,
				1EEAE6FA18BD244B006580C2 /* Unirest */,
				1EEAE71A18BD244B006580C2 /* Unirest.podspec */,
				1EEAE71B18BD244B006580C2 /* Unirest.xcodeproj */,
				1EEAE71E18BD244B006580C2 /* UnirestTests */,
			);
			name = "unirest-obj-c-master";
			path = "../../Vendor/unirest-obj-c-master";
			sourceTree = "<group>";
		};
		1EEAE6FA18BD244B006580C2 /* Unirest */ = {
			isa = PBXGroup;
			children = (
				1EEAE6FB18BD244B006580C2 /* Base64.h */,
				1EEAE6FC18BD244B006580C2 /* Base64.m */,
				1EEAE6FD18BD244B006580C2 /* HttpRequest */,
				1EEAE70418BD244B006580C2 /* HttpResponse */,
				1EEAE70F18BD244B006580C2 /* UNIHTTPClientHelper.h */,
				1EEAE71018BD244B006580C2 /* UNIHTTPClientHelper.m */,
				1EEAE71118BD244B006580C2 /* UNIHTTPRequest.h */,
				1EEAE71218BD244B006580C2 /* UNIHTTPRequest.m */,
				1EEAE71318BD244B006580C2 /* UNIHTTPRequestWithBody.h */,
				1EEAE71418BD244B006580C2 /* UNIHTTPRequestWithBody.m */,
				1EEAE71518BD244B006580C2 /* Unirest-Prefix.pch */,
				1EEAE71618BD244B006580C2 /* UNIRest.h */,
				1EEAE71718BD244B006580C2 /* UNIRest.m */,
				1EEAE71818BD244B006580C2 /* UNIUrlConnection.h */,
				1EEAE71918BD244B006580C2 /* UNIUrlConnection.m */,
			);
			path = Unirest;
			sourceTree = "<group>";
		};
		1EEAE6FD18BD244B006580C2 /* HttpRequest */ = {
			isa = PBXGroup;
			children = (
				1EEAE6FE18BD244B006580C2 /* UNIBaseRequest.h */,
				1EEAE6FF18BD244B006580C2 /* UNIBaseRequest.m */,
				1EEAE70018BD244B006580C2 /* UNIBodyRequest.h */,
				1EEAE70118BD244B006580C2 /* UNIBodyRequest.m */,
				1EEAE70218BD244B006580C2 /* UNISimpleRequest.h */,
				1EEAE70318BD244B006580C2 /* UNISimpleRequest.m */,
			);
			path = HttpRequest;
			sourceTree = "<group>";
		};
		1EEAE70418BD244B006580C2 /* HttpResponse */ = {
			isa = PBXGroup;
			children = (
				1EEAE70518BD244B006580C2 /* UNIHTTPBinaryResponse.h */,
				1EEAE70618BD244B006580C2 /* UNIHTTPBinaryResponse.m */,
				1EEAE70718BD244B006580C2 /* UNIHTTPJsonResponse.h */,
				1EEAE70818BD244B006580C2 /* UNIHTTPJsonResponse.m */,
				1EEAE70918BD244B006580C2 /* UNIHTTPResponse.h */,
				1EEAE70A18BD244B006580C2 /* UNIHTTPResponse.m */,
				1EEAE70B18BD244B006580C2 /* UNIHTTPStringResponse.h */,
				1EEAE70C18BD244B006580C2 /* UNIHTTPStringResponse.m */,
				1EEAE70D18BD244B006580C2 /* UNIJsonNode.h */,
				1EEAE70E18BD244B006580C2 /* UNIJsonNode.m */,
			);
			path = HttpResponse;
			sourceTree = "<group>";
		};
		1EEAE71C18BD244B006580C2 /* Products */ = {
			isa = PBXGroup;
			children = (
				1EEAE72718BD244B006580C2 /* libUnirest.a */,
				1EEAE72918BD244B006580C2 /* UnirestTests.octest */,
			);
			name = Products;
			sourceTree = "<group>";
		};
		1EEAE71E18BD244B006580C2 /* UnirestTests */ = {
			isa = PBXGroup;
			children = (
				1EEAE71F18BD244B006580C2 /* InfoPlist.strings */,
				1EEAE72118BD244B006580C2 /* UnirestTests-Info.plist */,
				1EEAE72218BD244B006580C2 /* UnirestTests.h */,
				1EEAE72318BD244B006580C2 /* UnirestTests.m */,
			);
			path = UnirestTests;
			sourceTree = "<group>";
		};
		1EEAE72A18BD2476006580C2 /* Unirest */ = {
			isa = PBXGroup;
			children = (
				1EEAE72B18BD2476006580C2 /* Base64.h */,
				1EEAE72C18BD2476006580C2 /* Base64.m */,
				1EEAE72D18BD2476006580C2 /* HttpRequest */,
				1EEAE73418BD2476006580C2 /* HttpResponse */,
				1EEAE73F18BD2476006580C2 /* UNIHTTPClientHelper.h */,
				1EEAE74018BD2476006580C2 /* UNIHTTPClientHelper.m */,
				1EEAE74118BD2476006580C2 /* UNIHTTPRequest.h */,
				1EEAE74218BD2476006580C2 /* UNIHTTPRequest.m */,
				1EEAE74318BD2476006580C2 /* UNIHTTPRequestWithBody.h */,
				1EEAE74418BD2476006580C2 /* UNIHTTPRequestWithBody.m */,
				1EEAE74518BD2476006580C2 /* Unirest-Prefix.pch */,
				1EEAE74618BD2476006580C2 /* UNIRest.h */,
				1EEAE74718BD2476006580C2 /* UNIRest.m */,
				1EEAE74818BD2476006580C2 /* UNIUrlConnection.h */,
				1EEAE74918BD2476006580C2 /* UNIUrlConnection.m */,
			);
			name = Unirest;
			path = "../../Vendor/unirest-obj-c-master/Unirest";
			sourceTree = "<group>";
		};
		1EEAE72D18BD2476006580C2 /* HttpRequest */ = {
			isa = PBXGroup;
			children = (
				1EEAE72E18BD2476006580C2 /* UNIBaseRequest.h */,
				1EEAE72F18BD2476006580C2 /* UNIBaseRequest.m */,
				1EEAE73018BD2476006580C2 /* UNIBodyRequest.h */,
				1EEAE73118BD2476006580C2 /* UNIBodyRequest.m */,
				1EEAE73218BD2476006580C2 /* UNISimpleRequest.h */,
				1EEAE73318BD2476006580C2 /* UNISimpleRequest.m */,
			);
			path = HttpRequest;
			sourceTree = "<group>";
		};
		1EEAE73418BD2476006580C2 /* HttpResponse */ = {
			isa = PBXGroup;
			children = (
				1EEAE73518BD2476006580C2 /* UNIHTTPBinaryResponse.h */,
				1EEAE73618BD2476006580C2 /* UNIHTTPBinaryResponse.m */,
				1EEAE73718BD2476006580C2 /* UNIHTTPJsonResponse.h */,
				1EEAE73818BD2476006580C2 /* UNIHTTPJsonResponse.m */,
				1EEAE73918BD2476006580C2 /* UNIHTTPResponse.h */,
				1EEAE73A18BD2476006580C2 /* UNIHTTPResponse.m */,
				1EEAE73B18BD2476006580C2 /* UNIHTTPStringResponse.h */,
				1EEAE73C18BD2476006580C2 /* UNIHTTPStringResponse.m */,
				1EEAE73D18BD2476006580C2 /* UNIJsonNode.h */,
				1EEAE73E18BD2476006580C2 /* UNIJsonNode.m */,
			);
			path = HttpResponse;
			sourceTree = "<group>";
		};
		1EEAE7B018BD2A9C006580C2 /* unirest-obj-c-master */ = {
			isa = PBXGroup;
			children = (
				1EEAE7B118BD2A9C006580C2 /* .gitignore */,
				1EEAE7B218BD2A9C006580C2 /* .travis.yml */,
				1EEAE7B318BD2A9C006580C2 /* LICENSE */,
				1EEAE7B418BD2A9C006580C2 /* README.md */,
				1EEAE7B518BD2A9C006580C2 /* Unirest */,
				1EEAE7D518BD2A9C006580C2 /* Unirest.podspec */,
				1EEAE7D618BD2A9C006580C2 /* Unirest.xcodeproj */,
			);
			name = "unirest-obj-c-master";
			path = "../../Vendor/unirest-obj-c-master";
			sourceTree = "<group>";
		};
		1EEAE7B518BD2A9C006580C2 /* Unirest */ = {
			isa = PBXGroup;
			children = (
				1EEAE7B618BD2A9C006580C2 /* Base64.h */,
				1EEAE7B718BD2A9C006580C2 /* Base64.m */,
				1EEAE7B818BD2A9C006580C2 /* HttpRequest */,
				1EEAE7BF18BD2A9C006580C2 /* HttpResponse */,
				1EEAE7CA18BD2A9C006580C2 /* UNIHTTPClientHelper.h */,
				1EEAE7CB18BD2A9C006580C2 /* UNIHTTPClientHelper.m */,
				1EEAE7CC18BD2A9C006580C2 /* UNIHTTPRequest.h */,
				1EEAE7CD18BD2A9C006580C2 /* UNIHTTPRequest.m */,
				1EEAE7CE18BD2A9C006580C2 /* UNIHTTPRequestWithBody.h */,
				1EEAE7CF18BD2A9C006580C2 /* UNIHTTPRequestWithBody.m */,
				1EEAE7D018BD2A9C006580C2 /* Unirest-Prefix.pch */,
				1EEAE7D118BD2A9C006580C2 /* UNIRest.h */,
				1EEAE7D218BD2A9C006580C2 /* UNIRest.m */,
				1EEAE7D318BD2A9C006580C2 /* UNIUrlConnection.h */,
				1EEAE7D418BD2A9C006580C2 /* UNIUrlConnection.m */,
			);
			path = Unirest;
			sourceTree = "<group>";
		};
		1EEAE7B818BD2A9C006580C2 /* HttpRequest */ = {
			isa = PBXGroup;
			children = (
				1EEAE7B918BD2A9C006580C2 /* UNIBaseRequest.h */,
				1EEAE7BA18BD2A9C006580C2 /* UNIBaseRequest.m */,
				1EEAE7BB18BD2A9C006580C2 /* UNIBodyRequest.h */,
				1EEAE7BC18BD2A9C006580C2 /* UNIBodyRequest.m */,
				1EEAE7BD18BD2A9C006580C2 /* UNISimpleRequest.h */,
				1EEAE7BE18BD2A9C006580C2 /* UNISimpleRequest.m */,
			);
			path = HttpRequest;
			sourceTree = "<group>";
		};
		1EEAE7BF18BD2A9C006580C2 /* HttpResponse */ = {
			isa = PBXGroup;
			children = (
				1EEAE7C018BD2A9C006580C2 /* UNIHTTPBinaryResponse.h */,
				1EEAE7C118BD2A9C006580C2 /* UNIHTTPBinaryResponse.m */,
				1EEAE7C218BD2A9C006580C2 /* UNIHTTPJsonResponse.h */,
				1EEAE7C318BD2A9C006580C2 /* UNIHTTPJsonResponse.m */,
				1EEAE7C418BD2A9C006580C2 /* UNIHTTPResponse.h */,
				1EEAE7C518BD2A9C006580C2 /* UNIHTTPResponse.m */,
				1EEAE7C618BD2A9C006580C2 /* UNIHTTPStringResponse.h */,
				1EEAE7C718BD2A9C006580C2 /* UNIHTTPStringResponse.m */,
				1EEAE7C818BD2A9C006580C2 /* UNIJsonNode.h */,
				1EEAE7C918BD2A9C006580C2 /* UNIJsonNode.m */,
			);
			path = HttpResponse;
			sourceTree = "<group>";
		};
		1EEAE7D718BD2A9C006580C2 /* Products */ = {
			isa = PBXGroup;
			children = (
				1EEAE7F818BD2A9C006580C2 /* libUnirest.a */,
				1EEAE7FA18BD2A9C006580C2 /* UnirestTests.octest */,
			);
			name = Products;
			sourceTree = "<group>";
		};
		1EEAE7FB18BEF899006580C2 /* instagramKit */ = {
			isa = PBXGroup;
			children = (
				1EEAE7FC18BEF899006580C2 /* AFNetworking */,
				1EEAE81018BEF899006580C2 /* Engine */,
				1EEAE81318BEF899006580C2 /* InstagramKit.h */,
				1EEAE81418BEF899006580C2 /* Models */,
			);
			name = instagramKit;
			path = ../../Vendor/instagramKit;
			sourceTree = "<group>";
		};
		1EEAE7FC18BEF899006580C2 /* AFNetworking */ = {
			isa = PBXGroup;
			children = (
				1EEAE7FD18BEF899006580C2 /* AFHTTPClient.h */,
				1EEAE7FE18BEF899006580C2 /* AFHTTPClient.m */,
				1EEAE7FF18BEF899006580C2 /* AFHTTPRequestOperation.h */,
				1EEAE80018BEF899006580C2 /* AFHTTPRequestOperation.m */,
				1EEAE80118BEF899006580C2 /* AFImageRequestOperation.h */,
				1EEAE80218BEF899006580C2 /* AFImageRequestOperation.m */,
				1EEAE80318BEF899006580C2 /* AFJSONRequestOperation.h */,
				1EEAE80418BEF899006580C2 /* AFJSONRequestOperation.m */,
				1EEAE80518BEF899006580C2 /* AFNetworkActivityIndicatorManager.h */,
				1EEAE80618BEF899006580C2 /* AFNetworkActivityIndicatorManager.m */,
				1EEAE80718BEF899006580C2 /* AFNetworking.h */,
				1EEAE80818BEF899006580C2 /* AFPropertyListRequestOperation.h */,
				1EEAE80918BEF899006580C2 /* AFPropertyListRequestOperation.m */,
				1EEAE80A18BEF899006580C2 /* AFURLConnectionOperation.h */,
				1EEAE80B18BEF899006580C2 /* AFURLConnectionOperation.m */,
				1EEAE80C18BEF899006580C2 /* AFXMLRequestOperation.h */,
				1EEAE80D18BEF899006580C2 /* AFXMLRequestOperation.m */,
				1EEAE80E18BEF899006580C2 /* UIImageView+AFNetworking.h */,
				1EEAE80F18BEF899006580C2 /* UIImageView+AFNetworking.m */,
			);
			path = AFNetworking;
			sourceTree = "<group>";
		};
		1EEAE81018BEF899006580C2 /* Engine */ = {
			isa = PBXGroup;
			children = (
				1EEAE81118BEF899006580C2 /* InstagramEngine.h */,
				1EEAE81218BEF899006580C2 /* InstagramEngine.m */,
			);
			path = Engine;
			sourceTree = "<group>";
		};
		1EEAE81418BEF899006580C2 /* Models */ = {
			isa = PBXGroup;
			children = (
				1EEAE81518BEF899006580C2 /* IKUserInPhoto.h */,
				1EEAE81618BEF899006580C2 /* IKUserInPhoto.m */,
				1EEAE81718BEF899006580C2 /* InstagramComment.h */,
				1EEAE81818BEF899006580C2 /* InstagramComment.m */,
				1EEAE81918BEF899006580C2 /* InstagramMedia.h */,
				1EEAE81A18BEF899006580C2 /* InstagramMedia.m */,
				1EEAE81B18BEF899006580C2 /* InstagramModel.h */,
				1EEAE81C18BEF899006580C2 /* InstagramModel.m */,
				1EEAE81D18BEF899006580C2 /* InstagramTag.h */,
				1EEAE81E18BEF899006580C2 /* InstagramTag.m */,
				1EEAE81F18BEF899006580C2 /* InstagramUser.h */,
				1EEAE82018BEF899006580C2 /* InstagramUser.m */,
			);
			path = Models;
			sourceTree = "<group>";
		};
		37BDE16B187CF514000EC13C /* ViewControllers */ = {
			isa = PBXGroup;
			children = (
				1E9E84AB187B5088002C19A6 /* GGPViewController.h */,
				1E9E84AC187B5088002C19A6 /* GGPViewController.m */,
				1EA45AEC188EE63300B13935 /* UserManageViewControlls */,
				1EA45AED188EE69B00B13935 /* EventManageViewControlls */,
				1E7F98A718A156E200A0D5C2 /* Log */,
				1E5ACB1418C83E86007698B4 /* GGPLogModeViewController.h */,
				1E5ACB1518C83E86007698B4 /* GGPLogModeViewController.m */,
			);
			name = ViewControllers;
			sourceTree = "<group>";
		};
/* End PBXGroup section */

/* Begin PBXNativeTarget section */
		1E9E848F187B5088002C19A6 /* Soiree */ = {
			isa = PBXNativeTarget;
			buildConfigurationList = 1E9E84C5187B5088002C19A6 /* Build configuration list for PBXNativeTarget "Soiree" */;
			buildPhases = (
				1E9E848C187B5088002C19A6 /* Sources */,
				1E9E848D187B5088002C19A6 /* Frameworks */,
				1E9E848E187B5088002C19A6 /* Resources */,
			);
			buildRules = (
			);
			dependencies = (
			);
			name = Soiree;
			productName = Soiree;
			productReference = 1E9E8490187B5088002C19A6 /* Soiree.app */;
			productType = "com.apple.product-type.application";
		};
		1E9E84B3187B5088002C19A6 /* SoireeTests */ = {
			isa = PBXNativeTarget;
			buildConfigurationList = 1E9E84C8187B5088002C19A6 /* Build configuration list for PBXNativeTarget "SoireeTests" */;
			buildPhases = (
				1E9E84B0187B5088002C19A6 /* Sources */,
				1E9E84B1187B5088002C19A6 /* Frameworks */,
				1E9E84B2187B5088002C19A6 /* Resources */,
			);
			buildRules = (
			);
			dependencies = (
				1E9E84BA187B5088002C19A6 /* PBXTargetDependency */,
			);
			name = SoireeTests;
			productName = SoireeTests;
			productReference = 1E9E84B4187B5088002C19A6 /* SoireeTests.xctest */;
			productType = "com.apple.product-type.bundle.unit-test";
		};
/* End PBXNativeTarget section */

/* Begin PBXProject section */
		1E9E8488187B5088002C19A6 /* Project object */ = {
			isa = PBXProject;
			attributes = {
				CLASSPREFIX = GGP;
				LastUpgradeCheck = 0500;
				ORGANIZATIONNAME = "Greg Probst";
				TargetAttributes = {
					1E9E848F187B5088002C19A6 = {
						DevelopmentTeam = RJ884FX9M5;
						SystemCapabilities = {
							com.apple.BackgroundModes = {
								enabled = 1;
							};
							com.apple.InAppPurchase = {
								enabled = 0;
							};
						};
					};
					1E9E84B3187B5088002C19A6 = {
						TestTargetID = 1E9E848F187B5088002C19A6;
					};
				};
			};
			buildConfigurationList = 1E9E848B187B5088002C19A6 /* Build configuration list for PBXProject "Soiree" */;
			compatibilityVersion = "Xcode 3.2";
			developmentRegion = English;
			hasScannedForEncodings = 0;
			knownRegions = (
				en,
				Base,
			);
			mainGroup = 1E9E8487187B5088002C19A6;
			productRefGroup = 1E9E8491187B5088002C19A6 /* Products */;
			projectDirPath = "";
			projectReferences = (
				{
					ProductGroup = 1EEAE71C18BD244B006580C2 /* Products */;
					ProjectRef = 1EEAE71B18BD244B006580C2 /* Unirest.xcodeproj */;
				},
				{
					ProductGroup = 1EEAE7D718BD2A9C006580C2 /* Products */;
					ProjectRef = 1EEAE7D618BD2A9C006580C2 /* Unirest.xcodeproj */;
				},
			);
			projectRoot = "";
			targets = (
				1E9E848F187B5088002C19A6 /* Soiree */,
				1E9E84B3187B5088002C19A6 /* SoireeTests */,
			);
		};
/* End PBXProject section */

/* Begin PBXReferenceProxy section */
		1EEAE72718BD244B006580C2 /* libUnirest.a */ = {
			isa = PBXReferenceProxy;
			fileType = archive.ar;
			path = libUnirest.a;
			remoteRef = 1EEAE72618BD244B006580C2 /* PBXContainerItemProxy */;
			sourceTree = BUILT_PRODUCTS_DIR;
		};
		1EEAE72918BD244B006580C2 /* UnirestTests.octest */ = {
			isa = PBXReferenceProxy;
			fileType = wrapper.cfbundle;
			path = UnirestTests.octest;
			remoteRef = 1EEAE72818BD244B006580C2 /* PBXContainerItemProxy */;
			sourceTree = BUILT_PRODUCTS_DIR;
		};
		1EEAE7F818BD2A9C006580C2 /* libUnirest.a */ = {
			isa = PBXReferenceProxy;
			fileType = archive.ar;
			path = libUnirest.a;
			remoteRef = 1EEAE7F718BD2A9C006580C2 /* PBXContainerItemProxy */;
			sourceTree = BUILT_PRODUCTS_DIR;
		};
		1EEAE7FA18BD2A9C006580C2 /* UnirestTests.octest */ = {
			isa = PBXReferenceProxy;
			fileType = wrapper.cfbundle;
			path = UnirestTests.octest;
			remoteRef = 1EEAE7F918BD2A9C006580C2 /* PBXContainerItemProxy */;
			sourceTree = BUILT_PRODUCTS_DIR;
		};
/* End PBXReferenceProxy section */

/* Begin PBXResourcesBuildPhase section */
		1E9E848E187B5088002C19A6 /* Resources */ = {
			isa = PBXResourcesBuildPhase;
			buildActionMask = 2147483647;
			files = (
				1EEAE7E018BD2A9C006580C2 /* .travis.yml in Resources */,
				1EEAE7DF18BD2A9C006580C2 /* .gitignore in Resources */,
				1E9E84AA187B5088002C19A6 /* Main_iPad.storyboard in Resources */,
				1EEAE7E118BD2A9C006580C2 /* LICENSE in Resources */,
				1E9E84AF187B5088002C19A6 /* Images.xcassets in Resources */,
				1EEAE7F118BD2A9C006580C2 /* Unirest.podspec in Resources */,
				1E9E84A7187B5088002C19A6 /* Main_iPhone.storyboard in Resources */,
				1EEAE7E218BD2A9C006580C2 /* README.md in Resources */,
				1E5ACB1918CFC165007698B4 /* Montez-Regular.ttf in Resources */,
				1E9E849E187B5088002C19A6 /* InfoPlist.strings in Resources */,
			);
			runOnlyForDeploymentPostprocessing = 0;
		};
		1E9E84B2187B5088002C19A6 /* Resources */ = {
			isa = PBXResourcesBuildPhase;
			buildActionMask = 2147483647;
			files = (
				1E9E84C0187B5088002C19A6 /* InfoPlist.strings in Resources */,
			);
			runOnlyForDeploymentPostprocessing = 0;
		};
/* End PBXResourcesBuildPhase section */

/* Begin PBXSourcesBuildPhase section */
		1E9E848C187B5088002C19A6 /* Sources */ = {
			isa = PBXSourcesBuildPhase;
			buildActionMask = 2147483647;
			files = (
				1EA45AF918906C5000B13935 /* GGPVideoEntryViewController.m in Sources */,
				1EEAE82F18BEF899006580C2 /* InstagramTag.m in Sources */,
				1EE3EDFD18AE950A008AF9A7 /* GGPSlideShowOptionsViewController.m in Sources */,
				1E548C8F1880CCCE009F8F5F /* GGPEvent.m in Sources */,
				1EEAE7EA18BD2A9C006580C2 /* UNIHTTPStringResponse.m in Sources */,
				1EEAE82C18BEF899006580C2 /* InstagramComment.m in Sources */,
				1EEAE82718BEF899006580C2 /* AFURLConnectionOperation.m in Sources */,
				1EEAE7E618BD2A9C006580C2 /* UNISimpleRequest.m in Sources */,
				1EE3EE0D18BD0AB4008AF9A7 /* GGPWordCloudRetriever.m in Sources */,
				1E70D90F18A55708008DFC09 /* GGPCollectionLayout.m in Sources */,
				1EEAE7E718BD2A9C006580C2 /* UNIHTTPBinaryResponse.m in Sources */,
				1EEAE7ED18BD2A9C006580C2 /* UNIHTTPRequest.m in Sources */,
				1E5C83D418C6A36B006CFE6A /* GGPLogEditViewController.m in Sources */,
				1E548C951885A7E7009F8F5F /* GGPMyEventsViewController.m in Sources */,
				1E3DB44B188888B7002EA446 /* GGPEventDetailViewController.m in Sources */,
				1EE3EE0018B28D01008AF9A7 /* GGPSlideshowOptions.m in Sources */,
				1EEAE82318BEF899006580C2 /* AFImageRequestOperation.m in Sources */,
				37BDE156187BA336000EC13C /* GGPCreateUserViewController.m in Sources */,
				1EEAE7EB18BD2A9C006580C2 /* UNIJsonNode.m in Sources */,
				1EEAE82818BEF899006580C2 /* AFXMLRequestOperation.m in Sources */,
				1EEAE7E918BD2A9C006580C2 /* UNIHTTPResponse.m in Sources */,
				1E7F98AA18A15D6F00A0D5C2 /* GGPEventOptionsViewController.m in Sources */,
				1EEAE83018BEF899006580C2 /* InstagramUser.m in Sources */,
				1E7F98B018A35F1800A0D5C2 /* GGPTwitterResultsViewController.m in Sources */,
				37BDE16E187CF611000EC13C /* GGPLogInViewController.m in Sources */,
				1EA45AF0188EEA2E00B13935 /* GGPAttendeesViewController.m in Sources */,
				1EEAE82518BEF899006580C2 /* AFNetworkActivityIndicatorManager.m in Sources */,
				1EEAE83318BF0616006580C2 /* GGPInstagramViewController.m in Sources */,
				1E548C8B187F3C14009F8F5F /* GGPCreateEventViewController.m in Sources */,
				1EEAE82618BEF899006580C2 /* AFPropertyListRequestOperation.m in Sources */,
				1EEAE7EF18BD2A9C006580C2 /* UNIRest.m in Sources */,
				1EEAE7EC18BD2A9C006580C2 /* UNIHTTPClientHelper.m in Sources */,
				1EEAE82918BEF899006580C2 /* UIImageView+AFNetworking.m in Sources */,
				1EEAE7E518BD2A9C006580C2 /* UNIBodyRequest.m in Sources */,
				1EEAE82E18BEF899006580C2 /* InstagramModel.m in Sources */,
				1EE3EE0718BBDC03008AF9A7 /* GGPStats.m in Sources */,
				1E5ACB1618C83E86007698B4 /* GGPLogModeViewController.m in Sources */,
				1E548C9818865B0D009F8F5F /* GGPFindEventViewController.m in Sources */,
				1EEAE7E318BD2A9C006580C2 /* Base64.m in Sources */,
				1EEAE82D18BEF899006580C2 /* InstagramMedia.m in Sources */,
				1EEAE82B18BEF899006580C2 /* IKUserInPhoto.m in Sources */,
				1E9E84A0187B5088002C19A6 /* main.m in Sources */,
				1EEAE82218BEF899006580C2 /* AFHTTPRequestOperation.m in Sources */,
				1E7EE0271890DB5A006D0251 /* GGPLogEntry.m in Sources */,
				1EE3EDF718AC8353008AF9A7 /* GGPLabelConverter.m in Sources */,
				1EA45AF618903B6400B13935 /* GGPComposeEntryViewController.m in Sources */,
				1E7F98AD18A1EB1B00A0D5C2 /* GGPTextFilter.m in Sources */,
				1EEAE82118BEF899006580C2 /* AFHTTPClient.m in Sources */,
				1EEAE7F018BD2A9C006580C2 /* UNIUrlConnection.m in Sources */,
				1E208ADE1898000F00EDBDD6 /* GGPTextEntryViewController.m in Sources */,
				1EE3EDFA18AC9E8C008AF9A7 /* GGPSlideshowViewController.m in Sources */,
				1EA45AF31890346600B13935 /* GGPEventLogViewController.m in Sources */,
				1E5C83CD18C64EB2006CFE6A /* GGPSearchViewController.m in Sources */,
				1EEAE7E418BD2A9C006580C2 /* UNIBaseRequest.m in Sources */,
				1EEAE7EE18BD2A9C006580C2 /* UNIHTTPRequestWithBody.m in Sources */,
				1EEAE7E818BD2A9C006580C2 /* UNIHTTPJsonResponse.m in Sources */,
				1EEAE82A18BEF899006580C2 /* InstagramEngine.m in Sources */,
				1E9E84A4187B5088002C19A6 /* GGPAppDelegate.m in Sources */,
				1E9E84AD187B5088002C19A6 /* GGPViewController.m in Sources */,
				1EE3EE0318B5F33E008AF9A7 /* GGPFacebookResultsViewController.m in Sources */,
				1E548C9218845AF7009F8F5F /* GGPLocation.m in Sources */,
				1EEAE82418BEF899006580C2 /* AFJSONRequestOperation.m in Sources */,
				1EE3EE0A18BC48C4008AF9A7 /* GGPStatsViewController.m in Sources */,
			);
			runOnlyForDeploymentPostprocessing = 0;
		};
		1E9E84B0187B5088002C19A6 /* Sources */ = {
			isa = PBXSourcesBuildPhase;
			buildActionMask = 2147483647;
			files = (
				1E9E84C2187B5088002C19A6 /* SoireeTests.m in Sources */,
				1E5ACB1718CB9A80007698B4 /* GGPViewController.m in Sources */,
			);
			runOnlyForDeploymentPostprocessing = 0;
		};
/* End PBXSourcesBuildPhase section */

/* Begin PBXTargetDependency section */
		1E9E84BA187B5088002C19A6 /* PBXTargetDependency */ = {
			isa = PBXTargetDependency;
			target = 1E9E848F187B5088002C19A6 /* Soiree */;
			targetProxy = 1E9E84B9187B5088002C19A6 /* PBXContainerItemProxy */;
		};
/* End PBXTargetDependency section */

/* Begin PBXVariantGroup section */
		1E9E849C187B5088002C19A6 /* InfoPlist.strings */ = {
			isa = PBXVariantGroup;
			children = (
				1E9E849D187B5088002C19A6 /* en */,
			);
			name = InfoPlist.strings;
			sourceTree = "<group>";
		};
		1E9E84A5187B5088002C19A6 /* Main_iPhone.storyboard */ = {
			isa = PBXVariantGroup;
			children = (
				1E9E84A6187B5088002C19A6 /* Base */,
			);
			name = Main_iPhone.storyboard;
			sourceTree = "<group>";
		};
		1E9E84A8187B5088002C19A6 /* Main_iPad.storyboard */ = {
			isa = PBXVariantGroup;
			children = (
				1E9E84A9187B5088002C19A6 /* Base */,
			);
			name = Main_iPad.storyboard;
			sourceTree = "<group>";
		};
		1E9E84BE187B5088002C19A6 /* InfoPlist.strings */ = {
			isa = PBXVariantGroup;
			children = (
				1E9E84BF187B5088002C19A6 /* en */,
			);
			name = InfoPlist.strings;
			sourceTree = "<group>";
		};
		1EEAE71F18BD244B006580C2 /* InfoPlist.strings */ = {
			isa = PBXVariantGroup;
			children = (
				1EEAE72018BD244B006580C2 /* en */,
			);
			name = InfoPlist.strings;
			sourceTree = "<group>";
		};
/* End PBXVariantGroup section */

/* Begin XCBuildConfiguration section */
		1E9E84C3187B5088002C19A6 /* Debug */ = {
			isa = XCBuildConfiguration;
			buildSettings = {
				ALWAYS_SEARCH_USER_PATHS = NO;
				ARCHS = "$(ARCHS_STANDARD_INCLUDING_64_BIT)";
				CLANG_CXX_LANGUAGE_STANDARD = "gnu++0x";
				CLANG_CXX_LIBRARY = "libc++";
				CLANG_ENABLE_MODULES = YES;
				CLANG_ENABLE_OBJC_ARC = YES;
				CLANG_WARN_BOOL_CONVERSION = YES;
				CLANG_WARN_CONSTANT_CONVERSION = YES;
				CLANG_WARN_DIRECT_OBJC_ISA_USAGE = YES_ERROR;
				CLANG_WARN_EMPTY_BODY = YES;
				CLANG_WARN_ENUM_CONVERSION = YES;
				CLANG_WARN_INT_CONVERSION = YES;
				CLANG_WARN_OBJC_ROOT_CLASS = YES_ERROR;
				CLANG_WARN__DUPLICATE_METHOD_MATCH = YES;
				"CODE_SIGN_IDENTITY[sdk=iphoneos*]" = "iPhone Developer";
				COPY_PHASE_STRIP = NO;
				GCC_C_LANGUAGE_STANDARD = gnu99;
				GCC_DYNAMIC_NO_PIC = NO;
				GCC_OPTIMIZATION_LEVEL = 0;
				GCC_PREPROCESSOR_DEFINITIONS = (
					"DEBUG=1",
					"$(inherited)",
				);
				GCC_SYMBOLS_PRIVATE_EXTERN = NO;
				GCC_WARN_64_TO_32_BIT_CONVERSION = YES;
				GCC_WARN_ABOUT_RETURN_TYPE = YES_ERROR;
				GCC_WARN_UNDECLARED_SELECTOR = YES;
				GCC_WARN_UNINITIALIZED_AUTOS = YES;
				GCC_WARN_UNUSED_FUNCTION = YES;
				GCC_WARN_UNUSED_VARIABLE = YES;
				IPHONEOS_DEPLOYMENT_TARGET = 7.0;
				ONLY_ACTIVE_ARCH = YES;
				SDKROOT = iphoneos;
				TARGETED_DEVICE_FAMILY = "1,2";
			};
			name = Debug;
		};
		1E9E84C4187B5088002C19A6 /* Release */ = {
			isa = XCBuildConfiguration;
			buildSettings = {
				ALWAYS_SEARCH_USER_PATHS = NO;
				ARCHS = "$(ARCHS_STANDARD_INCLUDING_64_BIT)";
				CLANG_CXX_LANGUAGE_STANDARD = "gnu++0x";
				CLANG_CXX_LIBRARY = "libc++";
				CLANG_ENABLE_MODULES = YES;
				CLANG_ENABLE_OBJC_ARC = YES;
				CLANG_WARN_BOOL_CONVERSION = YES;
				CLANG_WARN_CONSTANT_CONVERSION = YES;
				CLANG_WARN_DIRECT_OBJC_ISA_USAGE = YES_ERROR;
				CLANG_WARN_EMPTY_BODY = YES;
				CLANG_WARN_ENUM_CONVERSION = YES;
				CLANG_WARN_INT_CONVERSION = YES;
				CLANG_WARN_OBJC_ROOT_CLASS = YES_ERROR;
				CLANG_WARN__DUPLICATE_METHOD_MATCH = YES;
				"CODE_SIGN_IDENTITY[sdk=iphoneos*]" = "iPhone Developer";
				COPY_PHASE_STRIP = YES;
				ENABLE_NS_ASSERTIONS = NO;
				GCC_C_LANGUAGE_STANDARD = gnu99;
				GCC_WARN_64_TO_32_BIT_CONVERSION = YES;
				GCC_WARN_ABOUT_RETURN_TYPE = YES_ERROR;
				GCC_WARN_UNDECLARED_SELECTOR = YES;
				GCC_WARN_UNINITIALIZED_AUTOS = YES;
				GCC_WARN_UNUSED_FUNCTION = YES;
				GCC_WARN_UNUSED_VARIABLE = YES;
				IPHONEOS_DEPLOYMENT_TARGET = 7.0;
				SDKROOT = iphoneos;
				TARGETED_DEVICE_FAMILY = "1,2";
				VALIDATE_PRODUCT = YES;
			};
			name = Release;
		};
		1E9E84C6187B5088002C19A6 /* Debug */ = {
			isa = XCBuildConfiguration;
			buildSettings = {
				ASSETCATALOG_COMPILER_APPICON_NAME = AppIcon;
				ASSETCATALOG_COMPILER_LAUNCHIMAGE_NAME = LaunchImage;
				CODE_SIGN_IDENTITY = "iPhone Developer";
				"CODE_SIGN_IDENTITY[sdk=iphoneos*]" = "iPhone Developer";
				FRAMEWORK_SEARCH_PATHS = (
					"$(inherited)",
					/Users/Greg/Downloads,
					/Users/gregprobst/Desktop/Soiree/Soiree,
					/Users/gregprobst/Desktop/Soiree/Vendor,
				);
				GCC_PRECOMPILE_PREFIX_HEADER = YES;
				GCC_PREFIX_HEADER = "Soiree/Soiree-Prefix.pch";
				INFOPLIST_FILE = "Soiree/Soiree-Info.plist";
				PRODUCT_NAME = "$(TARGET_NAME)";
				PROVISIONING_PROFILE = "";
				WRAPPER_EXTENSION = app;
			};
			name = Debug;
		};
		1E9E84C7187B5088002C19A6 /* Release */ = {
			isa = XCBuildConfiguration;
			buildSettings = {
				ASSETCATALOG_COMPILER_APPICON_NAME = AppIcon;
				ASSETCATALOG_COMPILER_LAUNCHIMAGE_NAME = LaunchImage;
				CODE_SIGN_IDENTITY = "iPhone Developer";
				"CODE_SIGN_IDENTITY[sdk=iphoneos*]" = "iPhone Developer";
				FRAMEWORK_SEARCH_PATHS = (
					"$(inherited)",
					/Users/Greg/Downloads,
					/Users/gregprobst/Desktop/Soiree/Soiree,
					/Users/gregprobst/Desktop/Soiree/Vendor,
				);
				GCC_PRECOMPILE_PREFIX_HEADER = YES;
				GCC_PREFIX_HEADER = "Soiree/Soiree-Prefix.pch";
				INFOPLIST_FILE = "Soiree/Soiree-Info.plist";
				PRODUCT_NAME = "$(TARGET_NAME)";
				PROVISIONING_PROFILE = "";
				WRAPPER_EXTENSION = app;
			};
			name = Release;
		};
		1E9E84C9187B5088002C19A6 /* Debug */ = {
			isa = XCBuildConfiguration;
			buildSettings = {
				ARCHS = "$(ARCHS_STANDARD_INCLUDING_64_BIT)";
				BUNDLE_LOADER = "$(BUILT_PRODUCTS_DIR)/Soiree.app/Soiree";
				FRAMEWORK_SEARCH_PATHS = (
					"$(SDKROOT)/Developer/Library/Frameworks",
					"$(inherited)",
					"$(DEVELOPER_FRAMEWORKS_DIR)",
				);
				GCC_PRECOMPILE_PREFIX_HEADER = YES;
				GCC_PREFIX_HEADER = "Soiree/Soiree-Prefix.pch";
				GCC_PREPROCESSOR_DEFINITIONS = (
					"DEBUG=1",
					"$(inherited)",
				);
				INFOPLIST_FILE = "SoireeTests/SoireeTests-Info.plist";
				PRODUCT_NAME = "$(TARGET_NAME)";
				TEST_HOST = "$(BUNDLE_LOADER)";
				WRAPPER_EXTENSION = xctest;
			};
			name = Debug;
		};
		1E9E84CA187B5088002C19A6 /* Release */ = {
			isa = XCBuildConfiguration;
			buildSettings = {
				ARCHS = "$(ARCHS_STANDARD_INCLUDING_64_BIT)";
				BUNDLE_LOADER = "$(BUILT_PRODUCTS_DIR)/Soiree.app/Soiree";
				FRAMEWORK_SEARCH_PATHS = (
					"$(SDKROOT)/Developer/Library/Frameworks",
					"$(inherited)",
					"$(DEVELOPER_FRAMEWORKS_DIR)",
				);
				GCC_PRECOMPILE_PREFIX_HEADER = YES;
				GCC_PREFIX_HEADER = "Soiree/Soiree-Prefix.pch";
				INFOPLIST_FILE = "SoireeTests/SoireeTests-Info.plist";
				PRODUCT_NAME = "$(TARGET_NAME)";
				TEST_HOST = "$(BUNDLE_LOADER)";
				WRAPPER_EXTENSION = xctest;
			};
			name = Release;
		};
/* End XCBuildConfiguration section */

/* Begin XCConfigurationList section */
		1E9E848B187B5088002C19A6 /* Build configuration list for PBXProject "Soiree" */ = {
			isa = XCConfigurationList;
			buildConfigurations = (
				1E9E84C3187B5088002C19A6 /* Debug */,
				1E9E84C4187B5088002C19A6 /* Release */,
			);
			defaultConfigurationIsVisible = 0;
			defaultConfigurationName = Release;
		};
		1E9E84C5187B5088002C19A6 /* Build configuration list for PBXNativeTarget "Soiree" */ = {
			isa = XCConfigurationList;
			buildConfigurations = (
				1E9E84C6187B5088002C19A6 /* Debug */,
				1E9E84C7187B5088002C19A6 /* Release */,
			);
			defaultConfigurationIsVisible = 0;
			defaultConfigurationName = Release;
		};
		1E9E84C8187B5088002C19A6 /* Build configuration list for PBXNativeTarget "SoireeTests" */ = {
			isa = XCConfigurationList;
			buildConfigurations = (
				1E9E84C9187B5088002C19A6 /* Debug */,
				1E9E84CA187B5088002C19A6 /* Release */,
			);
			defaultConfigurationIsVisible = 0;
			defaultConfigurationName = Release;
		};
/* End XCConfigurationList section */
	};
	rootObject = 1E9E8488187B5088002C19A6 /* Project object */;
}
